# THIS IS AN AUTOGENERATED FILE. DO NOT EDIT THIS FILE DIRECTLY.
# yarn lockfile v1


"@aws-crypto/ie11-detection@^3.0.0":
  version "3.0.0"
  resolved "https://registry.yarnpkg.com/@aws-crypto/ie11-detection/-/ie11-detection-3.0.0.tgz#640ae66b4ec3395cee6a8e94ebcd9f80c24cd688"
  integrity sha512-341lBBkiY1DfDNKai/wXM3aujNBkXR7tq1URPQDL9wi3AUbI80NR74uF1TXHMm7po1AcnFk8iu2S2IeU/+/A+Q==
  dependencies:
    tslib "^1.11.1"

"@aws-crypto/sha256-browser@3.0.0":
  version "3.0.0"
  resolved "https://registry.yarnpkg.com/@aws-crypto/sha256-browser/-/sha256-browser-3.0.0.tgz#05f160138ab893f1c6ba5be57cfd108f05827766"
  integrity sha512-8VLmW2B+gjFbU5uMeqtQM6Nj0/F1bro80xQXCW6CQBWgosFWXTx77aeOF5CAIAmbOK64SdMBJdNr6J41yP5mvQ==
  dependencies:
    "@aws-crypto/ie11-detection" "^3.0.0"
    "@aws-crypto/sha256-js" "^3.0.0"
    "@aws-crypto/supports-web-crypto" "^3.0.0"
    "@aws-crypto/util" "^3.0.0"
    "@aws-sdk/types" "^3.222.0"
    "@aws-sdk/util-locate-window" "^3.0.0"
    "@aws-sdk/util-utf8-browser" "^3.0.0"
    tslib "^1.11.1"

"@aws-crypto/sha256-js@3.0.0", "@aws-crypto/sha256-js@^3.0.0":
  version "3.0.0"
  resolved "https://registry.yarnpkg.com/@aws-crypto/sha256-js/-/sha256-js-3.0.0.tgz#f06b84d550d25521e60d2a0e2a90139341e007c2"
  integrity sha512-PnNN7os0+yd1XvXAy23CFOmTbMaDxgxXtTKHybrJ39Y8kGzBATgBFibWJKH6BhytLI/Zyszs87xCOBNyBig6vQ==
  dependencies:
    "@aws-crypto/util" "^3.0.0"
    "@aws-sdk/types" "^3.222.0"
    tslib "^1.11.1"

"@aws-crypto/supports-web-crypto@^3.0.0":
  version "3.0.0"
  resolved "https://registry.yarnpkg.com/@aws-crypto/supports-web-crypto/-/supports-web-crypto-3.0.0.tgz#5d1bf825afa8072af2717c3e455f35cda0103ec2"
  integrity sha512-06hBdMwUAb2WFTuGG73LSC0wfPu93xWwo5vL2et9eymgmu3Id5vFAHBbajVWiGhPO37qcsdCap/FqXvJGJWPIg==
  dependencies:
    tslib "^1.11.1"

"@aws-crypto/util@^3.0.0":
  version "3.0.0"
  resolved "https://registry.yarnpkg.com/@aws-crypto/util/-/util-3.0.0.tgz#1c7ca90c29293f0883468ad48117937f0fe5bfb0"
  integrity sha512-2OJlpeJpCR48CC8r+uKVChzs9Iungj9wkZrl8Z041DWEWvyIHILYKCPNzJghKsivj+S3mLo6BVc7mBNzdxA46w==
  dependencies:
    "@aws-sdk/types" "^3.222.0"
    "@aws-sdk/util-utf8-browser" "^3.0.0"
    tslib "^1.11.1"

"@aws-sdk/abort-controller@3.254.0":
  version "3.254.0"
  resolved "https://registry.yarnpkg.com/@aws-sdk/abort-controller/-/abort-controller-3.254.0.tgz#62dfcbb2e58831b3fb26833227806ee06698f3f6"
  integrity sha512-ZBJFCCU7mIXGLk5GFXrSReyUR/kOBju0kzd7nVAAQQlfkmHZEuFhKFFMXkfJZG0SC0ezCbmR/EzIqJ2mTI+pRA==
  dependencies:
    "@aws-sdk/types" "3.254.0"
    tslib "^2.3.1"

"@aws-sdk/client-cognito-identity@3.254.0":
  version "3.254.0"
  resolved "https://registry.yarnpkg.com/@aws-sdk/client-cognito-identity/-/client-cognito-identity-3.254.0.tgz#23c89fb120f708283c33008ec117e971cacc619e"
  integrity sha512-FZlTQqgY7v3A2SPq0wR+W1ApJ5hSB0qYezDfaDofpdZbHFKLKyQQr14n5PBrT57/I9Wo75rrgPLENhAqOu3TfQ==
  dependencies:
    "@aws-crypto/sha256-browser" "3.0.0"
    "@aws-crypto/sha256-js" "3.0.0"
    "@aws-sdk/client-sts" "3.254.0"
    "@aws-sdk/config-resolver" "3.254.0"
    "@aws-sdk/credential-provider-node" "3.254.0"
    "@aws-sdk/fetch-http-handler" "3.254.0"
    "@aws-sdk/hash-node" "3.254.0"
    "@aws-sdk/invalid-dependency" "3.254.0"
    "@aws-sdk/middleware-content-length" "3.254.0"
    "@aws-sdk/middleware-endpoint" "3.254.0"
    "@aws-sdk/middleware-host-header" "3.254.0"
    "@aws-sdk/middleware-logger" "3.254.0"
    "@aws-sdk/middleware-recursion-detection" "3.254.0"
    "@aws-sdk/middleware-retry" "3.254.0"
    "@aws-sdk/middleware-serde" "3.254.0"
    "@aws-sdk/middleware-signing" "3.254.0"
    "@aws-sdk/middleware-stack" "3.254.0"
    "@aws-sdk/middleware-user-agent" "3.254.0"
    "@aws-sdk/node-config-provider" "3.254.0"
    "@aws-sdk/node-http-handler" "3.254.0"
    "@aws-sdk/protocol-http" "3.254.0"
    "@aws-sdk/smithy-client" "3.254.0"
    "@aws-sdk/types" "3.254.0"
    "@aws-sdk/url-parser" "3.254.0"
    "@aws-sdk/util-base64" "3.208.0"
    "@aws-sdk/util-body-length-browser" "3.188.0"
    "@aws-sdk/util-body-length-node" "3.208.0"
    "@aws-sdk/util-defaults-mode-browser" "3.254.0"
    "@aws-sdk/util-defaults-mode-node" "3.254.0"
    "@aws-sdk/util-endpoints" "3.254.0"
    "@aws-sdk/util-retry" "3.254.0"
    "@aws-sdk/util-user-agent-browser" "3.254.0"
    "@aws-sdk/util-user-agent-node" "3.254.0"
    "@aws-sdk/util-utf8-browser" "3.188.0"
    "@aws-sdk/util-utf8-node" "3.208.0"
    tslib "^2.3.1"

"@aws-sdk/client-sso-oidc@3.254.0":
  version "3.254.0"
  resolved "https://registry.yarnpkg.com/@aws-sdk/client-sso-oidc/-/client-sso-oidc-3.254.0.tgz#b613092782c74c883db2b3362a56122294b80098"
  integrity sha512-KRF/hBysJgrZpjRgg47Fa7YzC10Ypqf/FSeesJkN6l2lULosO+o0N+RD4t5LLWXrD10c9by6m1ueC6077z0fGQ==
  dependencies:
    "@aws-crypto/sha256-browser" "3.0.0"
    "@aws-crypto/sha256-js" "3.0.0"
    "@aws-sdk/config-resolver" "3.254.0"
    "@aws-sdk/fetch-http-handler" "3.254.0"
    "@aws-sdk/hash-node" "3.254.0"
    "@aws-sdk/invalid-dependency" "3.254.0"
    "@aws-sdk/middleware-content-length" "3.254.0"
    "@aws-sdk/middleware-endpoint" "3.254.0"
    "@aws-sdk/middleware-host-header" "3.254.0"
    "@aws-sdk/middleware-logger" "3.254.0"
    "@aws-sdk/middleware-recursion-detection" "3.254.0"
    "@aws-sdk/middleware-retry" "3.254.0"
    "@aws-sdk/middleware-serde" "3.254.0"
    "@aws-sdk/middleware-stack" "3.254.0"
    "@aws-sdk/middleware-user-agent" "3.254.0"
    "@aws-sdk/node-config-provider" "3.254.0"
    "@aws-sdk/node-http-handler" "3.254.0"
    "@aws-sdk/protocol-http" "3.254.0"
    "@aws-sdk/smithy-client" "3.254.0"
    "@aws-sdk/types" "3.254.0"
    "@aws-sdk/url-parser" "3.254.0"
    "@aws-sdk/util-base64" "3.208.0"
    "@aws-sdk/util-body-length-browser" "3.188.0"
    "@aws-sdk/util-body-length-node" "3.208.0"
    "@aws-sdk/util-defaults-mode-browser" "3.254.0"
    "@aws-sdk/util-defaults-mode-node" "3.254.0"
    "@aws-sdk/util-endpoints" "3.254.0"
    "@aws-sdk/util-retry" "3.254.0"
    "@aws-sdk/util-user-agent-browser" "3.254.0"
    "@aws-sdk/util-user-agent-node" "3.254.0"
    "@aws-sdk/util-utf8-browser" "3.188.0"
    "@aws-sdk/util-utf8-node" "3.208.0"
    tslib "^2.3.1"

"@aws-sdk/client-sso@3.254.0":
  version "3.254.0"
  resolved "https://registry.yarnpkg.com/@aws-sdk/client-sso/-/client-sso-3.254.0.tgz#4db2a7558411274f4402183883116b5a17d70ea0"
  integrity sha512-Ih80wJpGHa4nwxtTQvmSTT1UXQeHweYk+A6y779H1dtczr8h9Y2lXZa0C0TGcd1LEpL0nYHw0kJE3ZBw1/0nhw==
  dependencies:
    "@aws-crypto/sha256-browser" "3.0.0"
    "@aws-crypto/sha256-js" "3.0.0"
    "@aws-sdk/config-resolver" "3.254.0"
    "@aws-sdk/fetch-http-handler" "3.254.0"
    "@aws-sdk/hash-node" "3.254.0"
    "@aws-sdk/invalid-dependency" "3.254.0"
    "@aws-sdk/middleware-content-length" "3.254.0"
    "@aws-sdk/middleware-endpoint" "3.254.0"
    "@aws-sdk/middleware-host-header" "3.254.0"
    "@aws-sdk/middleware-logger" "3.254.0"
    "@aws-sdk/middleware-recursion-detection" "3.254.0"
    "@aws-sdk/middleware-retry" "3.254.0"
    "@aws-sdk/middleware-serde" "3.254.0"
    "@aws-sdk/middleware-stack" "3.254.0"
    "@aws-sdk/middleware-user-agent" "3.254.0"
    "@aws-sdk/node-config-provider" "3.254.0"
    "@aws-sdk/node-http-handler" "3.254.0"
    "@aws-sdk/protocol-http" "3.254.0"
    "@aws-sdk/smithy-client" "3.254.0"
    "@aws-sdk/types" "3.254.0"
    "@aws-sdk/url-parser" "3.254.0"
    "@aws-sdk/util-base64" "3.208.0"
    "@aws-sdk/util-body-length-browser" "3.188.0"
    "@aws-sdk/util-body-length-node" "3.208.0"
    "@aws-sdk/util-defaults-mode-browser" "3.254.0"
    "@aws-sdk/util-defaults-mode-node" "3.254.0"
    "@aws-sdk/util-endpoints" "3.254.0"
    "@aws-sdk/util-retry" "3.254.0"
    "@aws-sdk/util-user-agent-browser" "3.254.0"
    "@aws-sdk/util-user-agent-node" "3.254.0"
    "@aws-sdk/util-utf8-browser" "3.188.0"
    "@aws-sdk/util-utf8-node" "3.208.0"
    tslib "^2.3.1"

"@aws-sdk/client-sts@3.254.0":
  version "3.254.0"
  resolved "https://registry.yarnpkg.com/@aws-sdk/client-sts/-/client-sts-3.254.0.tgz#3c2e084333b4670913548e13eb49333a48e186a0"
  integrity sha512-up+u5ik1pZ9Vo2MtcMCZ6pNAFhrePbH/IBFSgSsJlCU4AsGxPBsm59CE3/n/e84pFzhwVmFEUdavysIM+aP8LA==
  dependencies:
    "@aws-crypto/sha256-browser" "3.0.0"
    "@aws-crypto/sha256-js" "3.0.0"
    "@aws-sdk/config-resolver" "3.254.0"
    "@aws-sdk/credential-provider-node" "3.254.0"
    "@aws-sdk/fetch-http-handler" "3.254.0"
    "@aws-sdk/hash-node" "3.254.0"
    "@aws-sdk/invalid-dependency" "3.254.0"
    "@aws-sdk/middleware-content-length" "3.254.0"
    "@aws-sdk/middleware-endpoint" "3.254.0"
    "@aws-sdk/middleware-host-header" "3.254.0"
    "@aws-sdk/middleware-logger" "3.254.0"
    "@aws-sdk/middleware-recursion-detection" "3.254.0"
    "@aws-sdk/middleware-retry" "3.254.0"
    "@aws-sdk/middleware-sdk-sts" "3.254.0"
    "@aws-sdk/middleware-serde" "3.254.0"
    "@aws-sdk/middleware-signing" "3.254.0"
    "@aws-sdk/middleware-stack" "3.254.0"
    "@aws-sdk/middleware-user-agent" "3.254.0"
    "@aws-sdk/node-config-provider" "3.254.0"
    "@aws-sdk/node-http-handler" "3.254.0"
    "@aws-sdk/protocol-http" "3.254.0"
    "@aws-sdk/smithy-client" "3.254.0"
    "@aws-sdk/types" "3.254.0"
    "@aws-sdk/url-parser" "3.254.0"
    "@aws-sdk/util-base64" "3.208.0"
    "@aws-sdk/util-body-length-browser" "3.188.0"
    "@aws-sdk/util-body-length-node" "3.208.0"
    "@aws-sdk/util-defaults-mode-browser" "3.254.0"
    "@aws-sdk/util-defaults-mode-node" "3.254.0"
    "@aws-sdk/util-endpoints" "3.254.0"
    "@aws-sdk/util-retry" "3.254.0"
    "@aws-sdk/util-user-agent-browser" "3.254.0"
    "@aws-sdk/util-user-agent-node" "3.254.0"
    "@aws-sdk/util-utf8-browser" "3.188.0"
    "@aws-sdk/util-utf8-node" "3.208.0"
    fast-xml-parser "4.0.11"
    tslib "^2.3.1"

"@aws-sdk/config-resolver@3.254.0":
  version "3.254.0"
  resolved "https://registry.yarnpkg.com/@aws-sdk/config-resolver/-/config-resolver-3.254.0.tgz#82504a1886f90fc1374b77d65187058a04430204"
  integrity sha512-+t5mi/SrZdAbSgg/5b/q3zVZsNQSyty2XX+znaRvBdANtIWIBdFLEMQp/L5NA+PSiW6VUXu9eXcsj0kJlAhTgQ==
  dependencies:
    "@aws-sdk/signature-v4" "3.254.0"
    "@aws-sdk/types" "3.254.0"
    "@aws-sdk/util-config-provider" "3.208.0"
    "@aws-sdk/util-middleware" "3.254.0"
    tslib "^2.3.1"

"@aws-sdk/credential-provider-cognito-identity@3.254.0":
  version "3.254.0"
  resolved "https://registry.yarnpkg.com/@aws-sdk/credential-provider-cognito-identity/-/credential-provider-cognito-identity-3.254.0.tgz#f8493ed1547055d1d054aac5c4e7d1c7120c4284"
  integrity sha512-aZgGDn7lutcLcYp8z6z3PvfoGvrudv5mYj7mf/HDcEiHwpHGu+1t5qUw7VVD4e5yd3OCGJ2Rttohw9EIvXgcmg==
  dependencies:
    "@aws-sdk/client-cognito-identity" "3.254.0"
    "@aws-sdk/property-provider" "3.254.0"
    "@aws-sdk/types" "3.254.0"
    tslib "^2.3.1"

"@aws-sdk/credential-provider-env@3.254.0":
  version "3.254.0"
  resolved "https://registry.yarnpkg.com/@aws-sdk/credential-provider-env/-/credential-provider-env-3.254.0.tgz#8ad17baa3108ed25509db1b994a3a51cb17ff427"
  integrity sha512-2CDwb7L1XGTY7Y8N3EsE1xqas0zNvrs4aOEv5XZNrKqE+9bvs8CiUwV4SB6VwSD+EPcOSm3QYEURUmj5EyLEZQ==
  dependencies:
    "@aws-sdk/property-provider" "3.254.0"
    "@aws-sdk/types" "3.254.0"
    tslib "^2.3.1"

"@aws-sdk/credential-provider-imds@3.254.0":
  version "3.254.0"
  resolved "https://registry.yarnpkg.com/@aws-sdk/credential-provider-imds/-/credential-provider-imds-3.254.0.tgz#876282edc865747b574a537d59c4cf47cf4b37d3"
  integrity sha512-sM3N7FLz+svRGjTgwAybKBmu5tVfCJmd5HPEfKR0jfBWB1uq0u0J+65JiO/wfqn/ix+3ZyFfacSJDFjnSPu/KA==
  dependencies:
    "@aws-sdk/node-config-provider" "3.254.0"
    "@aws-sdk/property-provider" "3.254.0"
    "@aws-sdk/types" "3.254.0"
    "@aws-sdk/url-parser" "3.254.0"
    tslib "^2.3.1"

"@aws-sdk/credential-provider-ini@3.254.0":
  version "3.254.0"
  resolved "https://registry.yarnpkg.com/@aws-sdk/credential-provider-ini/-/credential-provider-ini-3.254.0.tgz#df85dde6262e46c787ca47a7c8b58f583a8e847a"
  integrity sha512-cqzrvuniurfiKmJsOlGyagUUwrZuOnEAxGDL0Olg5Ac3XByAO5AWH/mjy9P7u31j3vxybMz/Uw5kR7lV1q5sXQ==
  dependencies:
    "@aws-sdk/credential-provider-env" "3.254.0"
    "@aws-sdk/credential-provider-imds" "3.254.0"
    "@aws-sdk/credential-provider-process" "3.254.0"
    "@aws-sdk/credential-provider-sso" "3.254.0"
    "@aws-sdk/credential-provider-web-identity" "3.254.0"
    "@aws-sdk/property-provider" "3.254.0"
    "@aws-sdk/shared-ini-file-loader" "3.254.0"
    "@aws-sdk/types" "3.254.0"
    tslib "^2.3.1"

"@aws-sdk/credential-provider-node@3.254.0":
  version "3.254.0"
  resolved "https://registry.yarnpkg.com/@aws-sdk/credential-provider-node/-/credential-provider-node-3.254.0.tgz#273ea110ce5b7e02dbbdd1783226c7577363e04b"
  integrity sha512-jjR/qLn0lwDJmeWwTMwWG2zk5GpjCdKts1Taxd5GFHHSzkH/FZG8Vr8u5yWRtoE/x876n+ItiRfcSrLTTwqkUQ==
  dependencies:
    "@aws-sdk/credential-provider-env" "3.254.0"
    "@aws-sdk/credential-provider-imds" "3.254.0"
    "@aws-sdk/credential-provider-ini" "3.254.0"
    "@aws-sdk/credential-provider-process" "3.254.0"
    "@aws-sdk/credential-provider-sso" "3.254.0"
    "@aws-sdk/credential-provider-web-identity" "3.254.0"
    "@aws-sdk/property-provider" "3.254.0"
    "@aws-sdk/shared-ini-file-loader" "3.254.0"
    "@aws-sdk/types" "3.254.0"
    tslib "^2.3.1"

"@aws-sdk/credential-provider-process@3.254.0":
  version "3.254.0"
  resolved "https://registry.yarnpkg.com/@aws-sdk/credential-provider-process/-/credential-provider-process-3.254.0.tgz#31e6c0c709d47b9a87397698ab942a820dfa5f38"
  integrity sha512-vNm1AHMu5Lg1kOMk4ucWgaNO4zNAD7aeRssdBMnC7WqRT2xB8CUEWi+zJGNjbxzEeTLXQZuMa1VeRT3nPjYrzg==
  dependencies:
    "@aws-sdk/property-provider" "3.254.0"
    "@aws-sdk/shared-ini-file-loader" "3.254.0"
    "@aws-sdk/types" "3.254.0"
    tslib "^2.3.1"

"@aws-sdk/credential-provider-sso@3.254.0":
  version "3.254.0"
  resolved "https://registry.yarnpkg.com/@aws-sdk/credential-provider-sso/-/credential-provider-sso-3.254.0.tgz#4d2b5d5f9d8758321c6872d53a52a4b6d8ec9b88"
  integrity sha512-uFfAQ/sIWreDA79HpJqdL+LkVp/yGkdBrDhjbiXIyeVWy/NmQNKu8l0j+wGazk1r562TJbzZ0Gz6+wTsdUSPgA==
  dependencies:
    "@aws-sdk/client-sso" "3.254.0"
    "@aws-sdk/property-provider" "3.254.0"
    "@aws-sdk/shared-ini-file-loader" "3.254.0"
    "@aws-sdk/token-providers" "3.254.0"
    "@aws-sdk/types" "3.254.0"
    tslib "^2.3.1"

"@aws-sdk/credential-provider-web-identity@3.254.0":
  version "3.254.0"
  resolved "https://registry.yarnpkg.com/@aws-sdk/credential-provider-web-identity/-/credential-provider-web-identity-3.254.0.tgz#17ef2052180c929f1f3807704522bd1931b7c2ab"
  integrity sha512-R/5qjAoCHEe7xmY5j0vges4xKpFpTgrwzdST822JVNWUobZmiDUqnn+1Xw4Qmomst625NOpgzsV4JuHsA4a8Ig==
  dependencies:
    "@aws-sdk/property-provider" "3.254.0"
    "@aws-sdk/types" "3.254.0"
    tslib "^2.3.1"

"@aws-sdk/credential-providers@^3.186.0":
  version "3.254.0"
  resolved "https://registry.yarnpkg.com/@aws-sdk/credential-providers/-/credential-providers-3.254.0.tgz#e80d87370d1ca7accad0d3b07856a700db85a09c"
  integrity sha512-HoBfuSGU7cJ/My1gDLLePLlNjI/bAHQV+Ch8yqkipesfVuiO6aRaB7ipJYZS5OFJffkY9oJkZmGtqmrpfpziMQ==
  dependencies:
    "@aws-sdk/client-cognito-identity" "3.254.0"
    "@aws-sdk/client-sso" "3.254.0"
    "@aws-sdk/client-sts" "3.254.0"
    "@aws-sdk/credential-provider-cognito-identity" "3.254.0"
    "@aws-sdk/credential-provider-env" "3.254.0"
    "@aws-sdk/credential-provider-imds" "3.254.0"
    "@aws-sdk/credential-provider-ini" "3.254.0"
    "@aws-sdk/credential-provider-node" "3.254.0"
    "@aws-sdk/credential-provider-process" "3.254.0"
    "@aws-sdk/credential-provider-sso" "3.254.0"
    "@aws-sdk/credential-provider-web-identity" "3.254.0"
    "@aws-sdk/property-provider" "3.254.0"
    "@aws-sdk/shared-ini-file-loader" "3.254.0"
    "@aws-sdk/types" "3.254.0"
    tslib "^2.3.1"

"@aws-sdk/fetch-http-handler@3.254.0":
  version "3.254.0"
  resolved "https://registry.yarnpkg.com/@aws-sdk/fetch-http-handler/-/fetch-http-handler-3.254.0.tgz#cdc646f48bbfe35ea87ebcc2b5b050e17bbda7a8"
  integrity sha512-/bbtNHe5JHFdKnCVr3Zx55sqs4c0F+7f1CC5cvTgH3O46wgIRM/6/rvE0YieXmfm3ho/GOhxBUzy59A0haKQGg==
  dependencies:
    "@aws-sdk/protocol-http" "3.254.0"
    "@aws-sdk/querystring-builder" "3.254.0"
    "@aws-sdk/types" "3.254.0"
    "@aws-sdk/util-base64" "3.208.0"
    tslib "^2.3.1"

"@aws-sdk/hash-node@3.254.0":
  version "3.254.0"
  resolved "https://registry.yarnpkg.com/@aws-sdk/hash-node/-/hash-node-3.254.0.tgz#b69c9dba780ce86cf24effb3c8416eb16586a502"
  integrity sha512-7FoB6BVbO+Z/NEOHeOAoUTyj8q+Pcdn4QpKvA4epRDrzMNcXy7MUNzzt148nkDssES09rgsN+KM8Zo2qgRYngg==
  dependencies:
    "@aws-sdk/types" "3.254.0"
    "@aws-sdk/util-buffer-from" "3.208.0"
    "@aws-sdk/util-utf8" "3.254.0"
    tslib "^2.3.1"

"@aws-sdk/invalid-dependency@3.254.0":
  version "3.254.0"
  resolved "https://registry.yarnpkg.com/@aws-sdk/invalid-dependency/-/invalid-dependency-3.254.0.tgz#a2df8be8257a2edda41301600a73520f7539540d"
  integrity sha512-ueV0tXyGndCTZXnEv+AMeTfu+IqV2QzmGMXcakiwxDjg48H9X/bLnj+C96Sexond8jD8K0ub9HWhkBrvvAXlPA==
  dependencies:
    "@aws-sdk/types" "3.254.0"
    tslib "^2.3.1"

"@aws-sdk/is-array-buffer@3.201.0":
  version "3.201.0"
  resolved "https://registry.yarnpkg.com/@aws-sdk/is-array-buffer/-/is-array-buffer-3.201.0.tgz#06e557adc284fac2f26071c2944ae01f61b95854"
  integrity sha512-UPez5qLh3dNgt0DYnPD/q0mVJY84rA17QE26hVNOW3fAji8W2wrwrxdacWOxyXvlxWsVRcKmr+lay1MDqpAMfg==
  dependencies:
    tslib "^2.3.1"

"@aws-sdk/middleware-content-length@3.254.0":
  version "3.254.0"
  resolved "https://registry.yarnpkg.com/@aws-sdk/middleware-content-length/-/middleware-content-length-3.254.0.tgz#ecf39dac8b056fb6c32860d65080b9b71d02a72c"
  integrity sha512-IT7nDZA6WsaZSNp9M79xfkk/us4kGV4SIZ2R9gHT9MFqdmpmbr3EGhFLKXUHcAZfCcOdw+JNV/wHJiiN1JD/hg==
  dependencies:
    "@aws-sdk/protocol-http" "3.254.0"
    "@aws-sdk/types" "3.254.0"
    tslib "^2.3.1"

"@aws-sdk/middleware-endpoint@3.254.0":
  version "3.254.0"
  resolved "https://registry.yarnpkg.com/@aws-sdk/middleware-endpoint/-/middleware-endpoint-3.254.0.tgz#9af598ce63a87eed13f84d1a9bfff4da9dd25790"
  integrity sha512-9fkDtSJdhEr91tWp4zLyKhHDGVyvUA0gDK+6wGYyorKCae2qX2TL+Fl6vsqY4PxrdTpXRBJDlJnEly9i48YKxg==
  dependencies:
    "@aws-sdk/middleware-serde" "3.254.0"
    "@aws-sdk/protocol-http" "3.254.0"
    "@aws-sdk/signature-v4" "3.254.0"
    "@aws-sdk/types" "3.254.0"
    "@aws-sdk/url-parser" "3.254.0"
    "@aws-sdk/util-config-provider" "3.208.0"
    "@aws-sdk/util-middleware" "3.254.0"
    tslib "^2.3.1"

"@aws-sdk/middleware-host-header@3.254.0":
  version "3.254.0"
  resolved "https://registry.yarnpkg.com/@aws-sdk/middleware-host-header/-/middleware-host-header-3.254.0.tgz#6cdf432132e546f248f626dc6d955285abee6595"
  integrity sha512-JG+OoyCMivnqTYiPZxRF+sgYEyQG68+PMl2843owvSxQQ25nH2Ih6DzLqH10c/uAN0PsiA8s/FfJBzhw9Xf0KA==
  dependencies:
    "@aws-sdk/protocol-http" "3.254.0"
    "@aws-sdk/types" "3.254.0"
    tslib "^2.3.1"

"@aws-sdk/middleware-logger@3.254.0":
  version "3.254.0"
  resolved "https://registry.yarnpkg.com/@aws-sdk/middleware-logger/-/middleware-logger-3.254.0.tgz#d5ece30ef193da78c71c9abe38ae30b6511000c0"
  integrity sha512-h3jEw58VUJkfqrwWMmp3Qc8293RFo4LMqxNAVsVwYEG6xb/RQ+JamsOx+t6aDsoOdKqhYngWwDGtgUZQ5wQQvg==
  dependencies:
    "@aws-sdk/types" "3.254.0"
    tslib "^2.3.1"

"@aws-sdk/middleware-recursion-detection@3.254.0":
  version "3.254.0"
  resolved "https://registry.yarnpkg.com/@aws-sdk/middleware-recursion-detection/-/middleware-recursion-detection-3.254.0.tgz#605ab3ff47c8ac1fca2d092d570151d7afbe8ae8"
  integrity sha512-/4tTvAXmIIMCs3giPIXN9aVJUGMoBMWw+9WS22u7nYNzwTe/k30DhS91uvwj7TLOOpFN0IBNXPCJ+T1OZn+ZXQ==
  dependencies:
    "@aws-sdk/protocol-http" "3.254.0"
    "@aws-sdk/types" "3.254.0"
    tslib "^2.3.1"

"@aws-sdk/middleware-retry@3.254.0":
  version "3.254.0"
  resolved "https://registry.yarnpkg.com/@aws-sdk/middleware-retry/-/middleware-retry-3.254.0.tgz#0af8f8c06e42879cbc1f23e6d2166d61953c0f2d"
  integrity sha512-nHgris8NmtLzsH5iUA8geW6RAT1VRymjlieKFmM3CAYt2h2X8AtAiL/Wod+Pj3+jjRGk9YeGzOOGbzODHiRxnA==
  dependencies:
    "@aws-sdk/protocol-http" "3.254.0"
    "@aws-sdk/service-error-classification" "3.254.0"
    "@aws-sdk/types" "3.254.0"
    "@aws-sdk/util-middleware" "3.254.0"
    "@aws-sdk/util-retry" "3.254.0"
    tslib "^2.3.1"
    uuid "^8.3.2"

"@aws-sdk/middleware-sdk-sts@3.254.0":
  version "3.254.0"
  resolved "https://registry.yarnpkg.com/@aws-sdk/middleware-sdk-sts/-/middleware-sdk-sts-3.254.0.tgz#5382f65872fe9917ac817273ae6e1ffa6cbcdffa"
  integrity sha512-Y074nmTp07thuOI6GePv8IKdL/OvkO1tn2l7QvnwQa3Sy/HyNai1V3MVtq4hRi1dgDjheKPVHPE+TnOmF3w5uA==
  dependencies:
    "@aws-sdk/middleware-signing" "3.254.0"
    "@aws-sdk/property-provider" "3.254.0"
    "@aws-sdk/protocol-http" "3.254.0"
    "@aws-sdk/signature-v4" "3.254.0"
    "@aws-sdk/types" "3.254.0"
    tslib "^2.3.1"

"@aws-sdk/middleware-serde@3.254.0":
  version "3.254.0"
  resolved "https://registry.yarnpkg.com/@aws-sdk/middleware-serde/-/middleware-serde-3.254.0.tgz#57b6579d6d5b6dcd260c088bec8f4cacb6adf5f0"
  integrity sha512-YuItb2nlKADTBItcn68eA8amX4quuR1+0GyFRkwssKS/iTjbIk+3gJ2s1zxkUhlyozH3U38Jvvqd+W9+gNpYIg==
  dependencies:
    "@aws-sdk/types" "3.254.0"
    tslib "^2.3.1"

"@aws-sdk/middleware-signing@3.254.0":
  version "3.254.0"
  resolved "https://registry.yarnpkg.com/@aws-sdk/middleware-signing/-/middleware-signing-3.254.0.tgz#d08cf8c163a90d76a5139c23eecfffb475b6494f"
  integrity sha512-HMVGf+yANjlKCUMFZJU2PNzbI9hbCgL+IX/Y4DGuQW9cp7EgZOxQre1LBKpcCqqPVQ4toIdfNH/K8uM2fpO6dg==
  dependencies:
    "@aws-sdk/property-provider" "3.254.0"
    "@aws-sdk/protocol-http" "3.254.0"
    "@aws-sdk/signature-v4" "3.254.0"
    "@aws-sdk/types" "3.254.0"
    "@aws-sdk/util-middleware" "3.254.0"
    tslib "^2.3.1"

"@aws-sdk/middleware-stack@3.254.0":
  version "3.254.0"
  resolved "https://registry.yarnpkg.com/@aws-sdk/middleware-stack/-/middleware-stack-3.254.0.tgz#1ec3b7ce4a9e62c630119cb3d4ec47df8cf2c185"
  integrity sha512-yPWRnjeLC0lPAEQbiqbC3+hnqXZ+uCSoSevGndU5KWMMiXLxKZn7Y0B3kG8NAnNNuPid+wYFWWU9rKiBRvWR/w==
  dependencies:
    tslib "^2.3.1"

"@aws-sdk/middleware-user-agent@3.254.0":
  version "3.254.0"
  resolved "https://registry.yarnpkg.com/@aws-sdk/middleware-user-agent/-/middleware-user-agent-3.254.0.tgz#b0b54aae78044db72605bfb3cda7099c840f600f"
  integrity sha512-hp5UYRg3ysZXMFMv34nYexyom6Z3pdx+OmisJz4w3AMigT8y57Ps30Vg+1QYaGlQkI4vfvcmdZX2Q+kp+mb9gQ==
  dependencies:
    "@aws-sdk/protocol-http" "3.254.0"
    "@aws-sdk/types" "3.254.0"
    tslib "^2.3.1"

"@aws-sdk/node-config-provider@3.254.0":
  version "3.254.0"
  resolved "https://registry.yarnpkg.com/@aws-sdk/node-config-provider/-/node-config-provider-3.254.0.tgz#0919e198e28144a85f97928ceccaf509db796a5b"
  integrity sha512-3Bp3Gp2NOY9gab738xf07TysO5iB0Ib9qRNGDlxX8SX8fZDRnxrF2cn+Tjte42wrO54orwhSyuTaIlAqKeii8Q==
  dependencies:
    "@aws-sdk/property-provider" "3.254.0"
    "@aws-sdk/shared-ini-file-loader" "3.254.0"
    "@aws-sdk/types" "3.254.0"
    tslib "^2.3.1"

"@aws-sdk/node-http-handler@3.254.0":
  version "3.254.0"
  resolved "https://registry.yarnpkg.com/@aws-sdk/node-http-handler/-/node-http-handler-3.254.0.tgz#5007434b0ed387f110639cf74f7cbb6abebd6e68"
  integrity sha512-DX2WJ3pub+3FF9GpoF5doERCn06MxS/UmmbKnIIokWQHjPZVomNh/1P3Cf9Jn9jeIPgh4UOg0uPD8cUm/cwHQw==
  dependencies:
    "@aws-sdk/abort-controller" "3.254.0"
    "@aws-sdk/protocol-http" "3.254.0"
    "@aws-sdk/querystring-builder" "3.254.0"
    "@aws-sdk/types" "3.254.0"
    tslib "^2.3.1"

"@aws-sdk/property-provider@3.254.0":
  version "3.254.0"
  resolved "https://registry.yarnpkg.com/@aws-sdk/property-provider/-/property-provider-3.254.0.tgz#4c815471e0aade6644b2923bb3c1a26c1e2cb1e8"
  integrity sha512-BLZF/LDFjAgv2ZY0vhThU58k++Aw+SK7qNU7XT0D84q5iWlYRKptQEvSSvIkBSI/rZoppOFhK7W80I8kNNbh+Q==
  dependencies:
    "@aws-sdk/types" "3.254.0"
    tslib "^2.3.1"

"@aws-sdk/protocol-http@3.254.0":
  version "3.254.0"
  resolved "https://registry.yarnpkg.com/@aws-sdk/protocol-http/-/protocol-http-3.254.0.tgz#b1ea17a599e50f30a3fc252de7aa4ced1f99acdd"
  integrity sha512-4o/I/qhMUTp70njwWe3ttyRJSAKegnr8l3oVWAf1/q1ZHpcxbRRZEDvrkx4KSunFeXTTGHcff1oyLSRG/cKMsQ==
  dependencies:
    "@aws-sdk/types" "3.254.0"
    tslib "^2.3.1"

"@aws-sdk/querystring-builder@3.254.0":
  version "3.254.0"
  resolved "https://registry.yarnpkg.com/@aws-sdk/querystring-builder/-/querystring-builder-3.254.0.tgz#e542ca41e9b24828a92087d24e1f37aec1c3c4b3"
  integrity sha512-Er+pOGTrPxelrzggibduO+eB1ClaU2BhjA8gd0nORS3kqktQggG3tKmRSIilegi9WOa3awCk6CnnuAf0pBrbUA==
  dependencies:
    "@aws-sdk/types" "3.254.0"
    "@aws-sdk/util-uri-escape" "3.201.0"
    tslib "^2.3.1"

"@aws-sdk/querystring-parser@3.254.0":
  version "3.254.0"
  resolved "https://registry.yarnpkg.com/@aws-sdk/querystring-parser/-/querystring-parser-3.254.0.tgz#ebca5a4e78bb5ad4e2e6a44447083d09212cf450"
  integrity sha512-WwRD99dwGo2aIrRjLHUAXaWCZ+3fj88IhIwciWTqrHBS3TQWXllOOQmYo7f+aMBB4Q1K6KdKITNi8L7aUuDv2g==
  dependencies:
    "@aws-sdk/types" "3.254.0"
    tslib "^2.3.1"

"@aws-sdk/service-error-classification@3.254.0":
  version "3.254.0"
  resolved "https://registry.yarnpkg.com/@aws-sdk/service-error-classification/-/service-error-classification-3.254.0.tgz#1cf2a2e79fd73d48e751207e25527988dd6716d1"
  integrity sha512-8GHqMJBBF9yoMBG/Nf9PusUSMFjG8ygps/cSJPlgcG2vbFn8BCdBZVc4ptXqICZUnBB/6lrxy8nCmNUaru48jg==

"@aws-sdk/shared-ini-file-loader@3.254.0":
  version "3.254.0"
  resolved "https://registry.yarnpkg.com/@aws-sdk/shared-ini-file-loader/-/shared-ini-file-loader-3.254.0.tgz#1d26b8d98541755dc6a4b8027110fea2b86b6257"
  integrity sha512-UH4YTXuG+q004vA+jNrVhrD5XQCIAgpL/eriObJnQpKUVef1mkkEDHZs8+8+ZPsk4p/iBrIJ3lXNf7iDA/BFzw==
  dependencies:
    "@aws-sdk/types" "3.254.0"
    tslib "^2.3.1"

"@aws-sdk/signature-v4@3.254.0":
  version "3.254.0"
  resolved "https://registry.yarnpkg.com/@aws-sdk/signature-v4/-/signature-v4-3.254.0.tgz#a68a1f420c98cbfe1d5f15227172d26bb7980338"
  integrity sha512-9FoEnipA9hAgEp6oqIT3+hobF+JgIXIn5QV8kAB7QGxEDqs/pdpEbGc9qbxi0ghdjvqzOSDir9gNI3w0cL8Aug==
  dependencies:
    "@aws-sdk/is-array-buffer" "3.201.0"
    "@aws-sdk/types" "3.254.0"
    "@aws-sdk/util-hex-encoding" "3.201.0"
    "@aws-sdk/util-middleware" "3.254.0"
    "@aws-sdk/util-uri-escape" "3.201.0"
    "@aws-sdk/util-utf8" "3.254.0"
    tslib "^2.3.1"

"@aws-sdk/smithy-client@3.254.0":
  version "3.254.0"
  resolved "https://registry.yarnpkg.com/@aws-sdk/smithy-client/-/smithy-client-3.254.0.tgz#053bb490fe6db91ce90471e285e37c8adb77440c"
  integrity sha512-SI0jz9JfWi1IaakDX/26xliKTIMJpzwwDoyQPEfZ/L0KKdpr2gNhljA3sR2pZ2EM1oqOaXpMHAunSzv7EBpBWg==
  dependencies:
    "@aws-sdk/middleware-stack" "3.254.0"
    "@aws-sdk/types" "3.254.0"
    tslib "^2.3.1"

"@aws-sdk/token-providers@3.254.0":
  version "3.254.0"
  resolved "https://registry.yarnpkg.com/@aws-sdk/token-providers/-/token-providers-3.254.0.tgz#a8f6c91fdf36e4c697212a0d9cb84b7f513b855e"
  integrity sha512-i3W+YWrMtgdFPDWW/m56xrkBhqrB6beKgQi46oSM/aFZ3ZAkFJLfbsLK99LWzVxtzELTSFjJWY54r+Au/hb2kQ==
  dependencies:
    "@aws-sdk/client-sso-oidc" "3.254.0"
    "@aws-sdk/property-provider" "3.254.0"
    "@aws-sdk/shared-ini-file-loader" "3.254.0"
    "@aws-sdk/types" "3.254.0"
    tslib "^2.3.1"

"@aws-sdk/types@3.254.0", "@aws-sdk/types@^3.222.0":
  version "3.254.0"
  resolved "https://registry.yarnpkg.com/@aws-sdk/types/-/types-3.254.0.tgz#760b4a876efa2edcec191dd8b18b989fa717a42e"
  integrity sha512-xDEDk6ZAGFO0URPgB6R2mvQANYlojHLjLC9zzOzl07F+uqYS30yZDIg4UFcqPt/x48v7mxlKZpbaZgYI2ZLgGA==
  dependencies:
    tslib "^2.3.1"

"@aws-sdk/url-parser@3.254.0":
  version "3.254.0"
  resolved "https://registry.yarnpkg.com/@aws-sdk/url-parser/-/url-parser-3.254.0.tgz#4b1fd769a4c546bd6571181feac2be1e8feaacab"
  integrity sha512-Za0JGUa9p5GQ8t2tVtKaRSjLUxrmEdnBlUiZ2zKm86wFxgQnjbMwzD3mvyJ5OaVsXScU5vzc3CXHIXSvS7h7Ng==
  dependencies:
    "@aws-sdk/querystring-parser" "3.254.0"
    "@aws-sdk/types" "3.254.0"
    tslib "^2.3.1"

"@aws-sdk/util-base64@3.208.0":
  version "3.208.0"
  resolved "https://registry.yarnpkg.com/@aws-sdk/util-base64/-/util-base64-3.208.0.tgz#36b430e5396251f761590f7c2f0c5c12193f353c"
  integrity sha512-PQniZph5A6N7uuEOQi+1hnMz/FSOK/8kMFyFO+4DgA1dZ5pcKcn5wiFwHkcTb/BsgVqQa3Jx0VHNnvhlS8JyTg==
  dependencies:
    "@aws-sdk/util-buffer-from" "3.208.0"
    tslib "^2.3.1"

"@aws-sdk/util-body-length-browser@3.188.0":
  version "3.188.0"
  resolved "https://registry.yarnpkg.com/@aws-sdk/util-body-length-browser/-/util-body-length-browser-3.188.0.tgz#e1d949318c10a621b38575a9ef01e39f9857ddb0"
  integrity sha512-8VpnwFWXhnZ/iRSl9mTf+VKOX9wDE8QtN4bj9pBfxwf90H1X7E8T6NkiZD3k+HubYf2J94e7DbeHs7fuCPW5Qg==
  dependencies:
    tslib "^2.3.1"

"@aws-sdk/util-body-length-node@3.208.0":
  version "3.208.0"
  resolved "https://registry.yarnpkg.com/@aws-sdk/util-body-length-node/-/util-body-length-node-3.208.0.tgz#baabd1fa1206ff2bd4ce3785122d86eb3258dd20"
  integrity sha512-3zj50e5g7t/MQf53SsuuSf0hEELzMtD8RX8C76f12OSRo2Bca4FLLYHe0TZbxcfQHom8/hOaeZEyTyMogMglqg==
  dependencies:
    tslib "^2.3.1"

"@aws-sdk/util-buffer-from@3.208.0":
  version "3.208.0"
  resolved "https://registry.yarnpkg.com/@aws-sdk/util-buffer-from/-/util-buffer-from-3.208.0.tgz#285e86f6dc9030148a4147d65239e75cb254a1b0"
  integrity sha512-7L0XUixNEFcLUGPeBF35enCvB9Xl+K6SQsmbrPk1P3mlV9mguWSDQqbOBwY1Ir0OVbD6H/ZOQU7hI/9RtRI0Zw==
  dependencies:
    "@aws-sdk/is-array-buffer" "3.201.0"
    tslib "^2.3.1"

"@aws-sdk/util-config-provider@3.208.0":
  version "3.208.0"
  resolved "https://registry.yarnpkg.com/@aws-sdk/util-config-provider/-/util-config-provider-3.208.0.tgz#c485fd83fbac051337e5f6be60ea3f9fa61c0139"
  integrity sha512-DSRqwrERUsT34ug+anlMBIFooBEGwM8GejC7q00Y/9IPrQy50KnG5PW2NiTjuLKNi7pdEOlwTSEocJE15eDZIg==
  dependencies:
    tslib "^2.3.1"

"@aws-sdk/util-defaults-mode-browser@3.254.0":
  version "3.254.0"
  resolved "https://registry.yarnpkg.com/@aws-sdk/util-defaults-mode-browser/-/util-defaults-mode-browser-3.254.0.tgz#6baa31a48521f2758f919130e0bd5180b179c7ad"
  integrity sha512-vj/s+BuqNKTHN9bsZ/HY7vpBWbo3F+4c3/ZoKSZa5Jc7jAuGCbx3zWwHdJFDgvbqLvsTBw80Q9d/CDy9pKj/tQ==
  dependencies:
    "@aws-sdk/property-provider" "3.254.0"
    "@aws-sdk/types" "3.254.0"
    bowser "^2.11.0"
    tslib "^2.3.1"

"@aws-sdk/util-defaults-mode-node@3.254.0":
  version "3.254.0"
  resolved "https://registry.yarnpkg.com/@aws-sdk/util-defaults-mode-node/-/util-defaults-mode-node-3.254.0.tgz#e92b3196ddc93fe5851b584aa5ac7fb22215d0ba"
  integrity sha512-gvD2+Uf60c2BgUYv2d6R4dSpO/CbvybqblgF8lKZCsHkDWzfEdPv9nlJgUWM1cuMKQ0hBZ3cL3ilOwVKRVPyiQ==
  dependencies:
    "@aws-sdk/config-resolver" "3.254.0"
    "@aws-sdk/credential-provider-imds" "3.254.0"
    "@aws-sdk/node-config-provider" "3.254.0"
    "@aws-sdk/property-provider" "3.254.0"
    "@aws-sdk/types" "3.254.0"
    tslib "^2.3.1"

"@aws-sdk/util-endpoints@3.254.0":
  version "3.254.0"
  resolved "https://registry.yarnpkg.com/@aws-sdk/util-endpoints/-/util-endpoints-3.254.0.tgz#b21eed05e60210ac533ed96784d039015295895d"
  integrity sha512-BzBIOnhVrs4RFTpGZErZfAV1VhqWglxn047VYijmCQe8Aejq4mJAaepSwHYar++XC0+pduD5YO8IidW8z/1vQQ==
  dependencies:
    "@aws-sdk/types" "3.254.0"
    tslib "^2.3.1"

"@aws-sdk/util-hex-encoding@3.201.0":
  version "3.201.0"
  resolved "https://registry.yarnpkg.com/@aws-sdk/util-hex-encoding/-/util-hex-encoding-3.201.0.tgz#21d7ec319240ee68c33d938e71cb79830bea315d"
  integrity sha512-7t1vR1pVxKx0motd3X9rI3m/xNp78p3sHtP5yo4NP4ARpxyJ0fokBomY8ScaH2D/B+U5o9ARxldJUdMqyBlJcA==
  dependencies:
    tslib "^2.3.1"

"@aws-sdk/util-locate-window@^3.0.0":
  version "3.208.0"
  resolved "https://registry.yarnpkg.com/@aws-sdk/util-locate-window/-/util-locate-window-3.208.0.tgz#0f598fc238a1256e4bcb64d01459f03a922dd4c3"
  integrity sha512-iua1A2+P7JJEDHVgvXrRJSvsnzG7stYSGQnBVphIUlemwl6nN5D+QrgbjECtrbxRz8asYFHSzhdhECqN+tFiBg==
  dependencies:
    tslib "^2.3.1"

"@aws-sdk/util-middleware@3.254.0":
  version "3.254.0"
  resolved "https://registry.yarnpkg.com/@aws-sdk/util-middleware/-/util-middleware-3.254.0.tgz#17e8c578c3905753aeb44289885d48fc6e16c864"
  integrity sha512-gn7vInNTRBo2QatOB+uU99JwV53wf/zlTUnUK0qOuebtSDLMdiO+msiMi2ctz9vMIrtc2XMXNQro1aE0aUPy4w==
  dependencies:
    tslib "^2.3.1"

"@aws-sdk/util-retry@3.254.0":
  version "3.254.0"
  resolved "https://registry.yarnpkg.com/@aws-sdk/util-retry/-/util-retry-3.254.0.tgz#c4cdf051439b4c12d1865dd2944b9eeb1d489bcc"
  integrity sha512-IVA4wAOJpVssEIbJmeq1fdDYvrkOqYFK9Pz4tERmMz33003fyY92dU468Lulw8MnsSALYiwWUoWSFg9L5RCTug==
  dependencies:
    "@aws-sdk/service-error-classification" "3.254.0"
    tslib "^2.3.1"

"@aws-sdk/util-uri-escape@3.201.0":
  version "3.201.0"
  resolved "https://registry.yarnpkg.com/@aws-sdk/util-uri-escape/-/util-uri-escape-3.201.0.tgz#5e708d4cde001a4558ee616f889ceacfadd2ab03"
  integrity sha512-TeTWbGx4LU2c5rx0obHeDFeO9HvwYwQtMh1yniBz00pQb6Qt6YVOETVQikRZ+XRQwEyCg/dA375UplIpiy54mA==
  dependencies:
    tslib "^2.3.1"

"@aws-sdk/util-user-agent-browser@3.254.0":
  version "3.254.0"
  resolved "https://registry.yarnpkg.com/@aws-sdk/util-user-agent-browser/-/util-user-agent-browser-3.254.0.tgz#a1e7783d4210eb6f4cfda3e6c9403e4a565f8244"
  integrity sha512-2HvwH8l7ln4qTDsU3rgH9NvSSo5qhX+2Lenb6XvNnIMkL4r/tPhNIaGKtoQRfpzLH378Mm9XEQnJM5UXFRWuTA==
  dependencies:
    "@aws-sdk/types" "3.254.0"
    bowser "^2.11.0"
    tslib "^2.3.1"

"@aws-sdk/util-user-agent-node@3.254.0":
  version "3.254.0"
  resolved "https://registry.yarnpkg.com/@aws-sdk/util-user-agent-node/-/util-user-agent-node-3.254.0.tgz#044de697c3e7d151ecb80ccef529fec345e4c440"
  integrity sha512-6nc9bmRP+2JqbBJ5oRZZRU8l35X3VcWF5j8XvmamWjIABsanc6Gv6NV4qAa3imPjIyWNiShZn/YkTBYs1exsdg==
  dependencies:
    "@aws-sdk/node-config-provider" "3.254.0"
    "@aws-sdk/types" "3.254.0"
    tslib "^2.3.1"

"@aws-sdk/util-utf8-browser@3.188.0", "@aws-sdk/util-utf8-browser@^3.0.0":
  version "3.188.0"
  resolved "https://registry.yarnpkg.com/@aws-sdk/util-utf8-browser/-/util-utf8-browser-3.188.0.tgz#484762bd600401350e148277731d6744a4a92225"
  integrity sha512-jt627x0+jE+Ydr9NwkFstg3cUvgWh56qdaqAMDsqgRlKD21md/6G226z/Qxl7lb1VEW2LlmCx43ai/37Qwcj2Q==
  dependencies:
    tslib "^2.3.1"

"@aws-sdk/util-utf8-node@3.208.0":
  version "3.208.0"
  resolved "https://registry.yarnpkg.com/@aws-sdk/util-utf8-node/-/util-utf8-node-3.208.0.tgz#eba17de0f92f87b98481c2e2d0ceaa05c7994d67"
  integrity sha512-jKY87Acv0yWBdFxx6bveagy5FYjz+dtV8IPT7ay1E2WPWH1czoIdMAkc8tSInK31T6CRnHWkLZ1qYwCbgRfERQ==
  dependencies:
    "@aws-sdk/util-buffer-from" "3.208.0"
    tslib "^2.3.1"

"@aws-sdk/util-utf8@3.254.0":
  version "3.254.0"
  resolved "https://registry.yarnpkg.com/@aws-sdk/util-utf8/-/util-utf8-3.254.0.tgz#909af9c6549833a9a9bf77004b7484bfc96b2c35"
  integrity sha512-14Kso/eIt5/qfIBmhEL9L1IfyUqswjSTqO2mY7KOzUZ9SZbwn3rpxmtkhmATkRjD7XIlLKaxBkI7tU9Zjzj8Kw==
  dependencies:
    "@aws-sdk/util-buffer-from" "3.208.0"
    tslib "^2.3.1"

"@types/node@*":
  version "16.4.13"
  resolved "https://registry.yarnpkg.com/@types/node/-/node-16.4.13.tgz#7dfd9c14661edc65cccd43a29eb454174642370d"
  integrity sha512-bLL69sKtd25w7p1nvg9pigE4gtKVpGTPojBFLMkGHXuUgap2sLqQt2qUnqmVCDfzGUL0DRNZP+1prIZJbMeAXg==

"@types/webidl-conversions@*":
  version "7.0.0"
  resolved "https://registry.yarnpkg.com/@types/webidl-conversions/-/webidl-conversions-7.0.0.tgz#2b8e60e33906459219aa587e9d1a612ae994cfe7"
  integrity sha512-xTE1E+YF4aWPJJeUzaZI5DRntlkY3+BCVJi0axFptnjGmAoWxkyREIh/XMrfxVLejwQxMCfDXdICo0VLxThrog==

"@types/whatwg-url@^8.2.1":
  version "8.2.2"
  resolved "https://registry.yarnpkg.com/@types/whatwg-url/-/whatwg-url-8.2.2.tgz#749d5b3873e845897ada99be4448041d4cc39e63"
  integrity sha512-FtQu10RWgn3D9U4aazdwIE2yzphmTJREDqNdODHrbrZmmMqI0vMheC/6NE/J1Yveaj8H+ela+YwWTjq5PGmuhA==
  dependencies:
    "@types/node" "*"
    "@types/webidl-conversions" "*"

base64-js@^1.3.1:
  version "1.5.1"
  resolved "https://registry.yarnpkg.com/base64-js/-/base64-js-1.5.1.tgz#1b1b440160a5bf7ad40b650f095963481903930a"
  integrity sha512-AKpaYlHn8t4SVbOHCy+b5+KKgvR4vrsD8vbvrbiQJps7fKDTkjkDry6ji0rUJjC0kzbNePLwzxq8iypo41qeWA==

bowser@^2.11.0:
  version "2.11.0"
  resolved "https://registry.yarnpkg.com/bowser/-/bowser-2.11.0.tgz#5ca3c35757a7aa5771500c70a73a9f91ef420a8f"
  integrity sha512-AlcaJBi/pqqJBIQ8U9Mcpc9i8Aqxn88Skv5d+xBX006BY5u8N3mGLHa5Lgppa7L/HfwgwLgZ6NYs+Ag6uUmJRA==

bson@^4.7.0:
  version "4.7.2"
  resolved "https://registry.yarnpkg.com/bson/-/bson-4.7.2.tgz#320f4ad0eaf5312dd9b45dc369cc48945e2a5f2e"
  integrity sha512-Ry9wCtIZ5kGqkJoi6aD8KjxFZEx78guTQDnpXWiNthsxzrxAK/i8E6pCHAIZTbaEFWcOCvbecMukfK7XUvyLpQ==
  dependencies:
    buffer "^5.6.0"

buffer@^5.6.0:
  version "5.7.1"
  resolved "https://registry.yarnpkg.com/buffer/-/buffer-5.7.1.tgz#ba62e7c13133053582197160851a8f648e99eed0"
  integrity sha512-EHcyIPBQ4BSGlvjB16k5KgAJ27CIsHY/2JBmCRReo48y9rQ3MaUzWX3KVlBa4U7MyX02HdVj0K7C3WaB3ju7FQ==
  dependencies:
    base64-js "^1.3.1"
    ieee754 "^1.1.13"

debug@4.x:
  version "4.3.4"
  resolved "https://registry.yarnpkg.com/debug/-/debug-4.3.4.tgz#1319f6579357f2338d3337d2cdd4914bb5dcc865"
  integrity sha512-PRWFHuSU3eDtQJPvnNY7Jcket1j0t5OuOsFzPPzsekD52Zl8qUfFIPEiswXqIvHWGVHOgX+7G/vCNNhehwxfkQ==
  dependencies:
    ms "2.1.2"

dotenv@^10.0.0:
  version "10.0.0"
  resolved "https://registry.yarnpkg.com/dotenv/-/dotenv-10.0.0.tgz#3d4227b8fb95f81096cdd2b66653fb2c7085ba81"
  integrity sha512-rlBi9d8jpv9Sf1klPjNfFAuWDjKLwTIJJ/VxtoTwIR6hnZxcEOQCZg2oIL3MWBYw5GpUDKOEnND7LXTbIpQ03Q==

fast-xml-parser@4.0.11:
  version "4.0.11"
  resolved "https://registry.yarnpkg.com/fast-xml-parser/-/fast-xml-parser-4.0.11.tgz#42332a9aca544520631c8919e6ea871c0185a985"
  integrity sha512-4aUg3aNRR/WjQAcpceODG1C3x3lFANXRo8+1biqfieHmg9pyMt7qB4lQV/Ta6sJCTbA5vfD8fnA8S54JATiFUA==
  dependencies:
    strnum "^1.0.5"

ieee754@^1.1.13:
  version "1.2.1"
  resolved "https://registry.yarnpkg.com/ieee754/-/ieee754-1.2.1.tgz#8eb7a10a63fff25d15a57b001586d177d1b0d352"
  integrity sha512-dcyqhDvX1C46lXZcVqCpK+FtMRQVdIMN6/Df5js2zouUsqG7I6sFxitIC+7KYK29KdXOLHdu9zL4sFnoVQnqaA==

ip@^2.0.0:
  version "2.0.0"
  resolved "https://registry.yarnpkg.com/ip/-/ip-2.0.0.tgz#4cf4ab182fee2314c75ede1276f8c80b479936da"
  integrity sha512-WKa+XuLG1A1R0UWhl2+1XQSi+fZWMsYKffMZTTYsiZaUD8k2yDAj5atimTUD2TZkyCkNEeYE5NhFZmupOGtjYQ==

kareem@2.5.1:
  version "2.5.1"
  resolved "https://registry.yarnpkg.com/kareem/-/kareem-2.5.1.tgz#7b8203e11819a8e77a34b3517d3ead206764d15d"
  integrity sha512-7jFxRVm+jD+rkq3kY0iZDJfsO2/t4BBPeEb2qKn2lR/9KhuksYk5hxzfRYWMPV8P/x2d0kHD306YyWLzjjH+uA==

memory-pager@^1.0.2:
  version "1.5.0"
  resolved "https://registry.yarnpkg.com/memory-pager/-/memory-pager-1.5.0.tgz#d8751655d22d384682741c972f2c3d6dfa3e66b5"
  integrity sha512-ZS4Bp4r/Zoeq6+NLJpP+0Zzm0pR8whtGPf1XExKLJBAczGMnSi3It14OiNCStjQjM6NU1okjQGSxgEZN8eBYKg==

mongodb-connection-string-url@^2.5.4:
  version "2.6.0"
  resolved "https://registry.yarnpkg.com/mongodb-connection-string-url/-/mongodb-connection-string-url-2.6.0.tgz#57901bf352372abdde812c81be47b75c6b2ec5cf"
  integrity sha512-WvTZlI9ab0QYtTYnuMLgobULWhokRjtC7db9LtcVfJ+Hsnyr5eo6ZtNAt3Ly24XZScGMelOcGtm7lSn0332tPQ==
  dependencies:
    "@types/whatwg-url" "^8.2.1"
    whatwg-url "^11.0.0"

mongodb@4.12.1:
  version "4.12.1"
  resolved "https://registry.yarnpkg.com/mongodb/-/mongodb-4.12.1.tgz#224eb39b8784af835b515aa687c6010cecaabb1a"
  integrity sha512-koT87tecZmxPKtxRQD8hCKfn+ockEL2xBiUvx3isQGI6mFmagWt4f4AyCE9J4sKepnLhMacoCTQQA6SLAI2L6w==
  dependencies:
    bson "^4.7.0"
    mongodb-connection-string-url "^2.5.4"
    socks "^2.7.1"
  optionalDependencies:
    "@aws-sdk/credential-providers" "^3.186.0"
    saslprep "^1.0.3"

mongoose@^6.8.4:
  version "6.8.4"
  resolved "https://registry.yarnpkg.com/mongoose/-/mongoose-6.8.4.tgz#f27ec3eca6df3ebb2df1f43623f4cd88744ca9a8"
  integrity sha512-19Jk2hbSAPcM4u6ErW0UPwaSO2YfP/cXfBS9YEiNgNzZfXd+jkyemqJ+t2aflaicXeU4VdTP33pZYxqjk2hUYw==
  dependencies:
    bson "^4.7.0"
    kareem "2.5.1"
    mongodb "4.12.1"
    mpath "0.9.0"
    mquery "4.0.3"
    ms "2.1.3"
    sift "16.0.1"

mpath@0.9.0:
  version "0.9.0"
  resolved "https://registry.yarnpkg.com/mpath/-/mpath-0.9.0.tgz#0c122fe107846e31fc58c75b09c35514b3871904"
  integrity sha512-ikJRQTk8hw5DEoFVxHG1Gn9T/xcjtdnOKIU1JTmGjZZlg9LST2mBLmcX3/ICIbgJydT2GOc15RnNy5mHmzfSew==

mquery@4.0.3:
  version "4.0.3"
  resolved "https://registry.yarnpkg.com/mquery/-/mquery-4.0.3.tgz#4d15f938e6247d773a942c912d9748bd1965f89d"
  integrity sha512-J5heI+P08I6VJ2Ky3+33IpCdAvlYGTSUjwTPxkAr8i8EoduPMBX2OY/wa3IKZIQl7MU4SbFk8ndgSKyB/cl1zA==
  dependencies:
    debug "4.x"

ms@2.1.2:
  version "2.1.2"
  resolved "https://registry.yarnpkg.com/ms/-/ms-2.1.2.tgz#d09d1f357b443f493382a8eb3ccd183872ae6009"
  integrity sha512-sGkPx+VjMtmA6MX27oA4FBFELFCZZ4S4XqeGOXCv68tT+jb3vk/RyaKWP0PTKyWtmLSM0b+adUTEvbs1PEaH2w==

ms@2.1.3:
  version "2.1.3"
  resolved "https://registry.yarnpkg.com/ms/-/ms-2.1.3.tgz#574c8138ce1d2b5861f0b44579dbadd60c6615b2"
  integrity sha512-6FlzubTLZG3J2a/NVCAleEhjzq5oxgHyaCU9yYXvcLsvoVaHJq/s5xXI6/XXP6tz7R9xAOtHnSO/tXtF3WRTlA==

punycode@^2.1.1:
  version "2.3.0"
  resolved "https://registry.yarnpkg.com/punycode/-/punycode-2.3.0.tgz#f67fa67c94da8f4d0cfff981aee4118064199b8f"
  integrity sha512-rRV+zQD8tVFys26lAGR9WUuS4iUAngJScM+ZRSKtvl5tKeZ2t5bvdNFdNHBW9FWR4guGHlgmsZ1G7BSm2wTbuA==

saslprep@^1.0.3:
  version "1.0.3"
  resolved "https://registry.yarnpkg.com/saslprep/-/saslprep-1.0.3.tgz#4c02f946b56cf54297e347ba1093e7acac4cf226"
  integrity sha512-/MY/PEMbk2SuY5sScONwhUDsV2p77Znkb/q3nSVstq/yQzYJOH/Azh29p9oJLsl3LnQwSvZDKagDGBsBwSooag==
  dependencies:
    sparse-bitfield "^3.0.3"

sift@16.0.1:
  version "16.0.1"
  resolved "https://registry.yarnpkg.com/sift/-/sift-16.0.1.tgz#e9c2ccc72191585008cf3e36fc447b2d2633a053"
  integrity sha512-Wv6BjQ5zbhW7VFefWusVP33T/EM0vYikCaQ2qR8yULbsilAT8/wQaXvuQ3ptGLpoKx+lihJE3y2UTgKDyyNHZQ==

smart-buffer@^4.2.0:
  version "4.2.0"
  resolved "https://registry.yarnpkg.com/smart-buffer/-/smart-buffer-4.2.0.tgz#6e1d71fa4f18c05f7d0ff216dd16a481d0e8d9ae"
  integrity sha512-94hK0Hh8rPqQl2xXc3HsaBoOXKV20MToPkcXvwbISWLEs+64sBq5kFgn2kJDHb1Pry9yrP0dxrCI9RRci7RXKg==

socks@^2.7.1:
  version "2.7.1"
  resolved "https://registry.yarnpkg.com/socks/-/socks-2.7.1.tgz#d8e651247178fde79c0663043e07240196857d55"
  integrity sha512-7maUZy1N7uo6+WVEX6psASxtNlKaNVMlGQKkG/63nEDdLOWNbiUMoLK7X4uYoLhQstau72mLgfEWcXcwsaHbYQ==
  dependencies:
    ip "^2.0.0"
    smart-buffer "^4.2.0"

sparse-bitfield@^3.0.3:
  version "3.0.3"
  resolved "https://registry.yarnpkg.com/sparse-bitfield/-/sparse-bitfield-3.0.3.tgz#ff4ae6e68656056ba4b3e792ab3334d38273ca11"
  integrity sha1-/0rm5oZWBWuks+eSqzM004JzyhE=
  dependencies:
    memory-pager "^1.0.2"

strnum@^1.0.5:
  version "1.0.5"
  resolved "https://registry.yarnpkg.com/strnum/-/strnum-1.0.5.tgz#5c4e829fe15ad4ff0d20c3db5ac97b73c9b072db"
  integrity sha512-J8bbNyKKXl5qYcR36TIO8W3mVGVHrmmxsd5PAItGkmyzwJvybiw2IVq5nqd0i4LSNSkB/sx9VHllbfFdr9k1JA==

tr46@^3.0.0:
  version "3.0.0"
  resolved "https://registry.yarnpkg.com/tr46/-/tr46-3.0.0.tgz#555c4e297a950617e8eeddef633c87d4d9d6cbf9"
  integrity sha512-l7FvfAHlcmulp8kr+flpQZmVwtu7nfRV7NZujtN0OqES8EL4O4e0qqzL0DC5gAvx/ZC/9lk6rhcUwYvkBnBnYA==
  dependencies:
    punycode "^2.1.1"

tslib@^1.11.1:
  version "1.14.1"
  resolved "https://registry.yarnpkg.com/tslib/-/tslib-1.14.1.tgz#cf2d38bdc34a134bcaf1091c41f6619e2f672d00"
  integrity sha512-Xni35NKzjgMrwevysHTCArtLDpPvye8zV/0E4EyYn43P7/7qvQwPh9BGkHewbMulVntbigmcT7rdX3BNo9wRJg==

tslib@^2.3.1:
  version "2.4.1"
  resolved "https://registry.yarnpkg.com/tslib/-/tslib-2.4.1.tgz#0d0bfbaac2880b91e22df0768e55be9753a5b17e"
  integrity sha512-tGyy4dAjRIEwI7BzsB0lynWgOpfqjUdq91XXAlIWD2OwKBH7oCl/GZG/HT4BOHrTlPMOASlMQ7veyTqpmRcrNA==

uuid@^8.3.2:
  version "8.3.2"
  resolved "https://registry.yarnpkg.com/uuid/-/uuid-8.3.2.tgz#80d5b5ced271bb9af6c445f21a1a04c606cefbe2"
  integrity sha512-+NYs2QeMWy+GWFOEm9xnn6HCDp0l7QBD7ml8zLUmJ+93Q5NF0NocErnwkTkXVFNiX3/fpC6afS8Dhb/gz7R7eg==

webidl-conversions@^7.0.0:
  version "7.0.0"
  resolved "https://registry.yarnpkg.com/webidl-conversions/-/webidl-conversions-7.0.0.tgz#256b4e1882be7debbf01d05f0aa2039778ea080a"
  integrity sha512-VwddBukDzu71offAQR975unBIGqfKZpM+8ZX6ySk8nYhVoo5CYaZyzt3YBvYtRtO+aoGlqxPg/B87NGVZ/fu6g==

whatwg-url@^11.0.0:
  version "11.0.0"
  resolved "https://registry.yarnpkg.com/whatwg-url/-/whatwg-url-11.0.0.tgz#0a849eebb5faf2119b901bb76fd795c2848d4018"
  integrity sha512-RKT8HExMpoYx4igMiVMY83lN6UeITKJlBQ+vR/8ZJ8OCdSiN3RwCq+9gH0+Xzj0+5IrM6i4j/6LuvzbZIQgEcQ==
  dependencies:
    tr46 "^3.0.0"
    webidl-conversions "^7.0.0"
