# THIS IS AN AUTOGENERATED FILE. DO NOT EDIT THIS FILE DIRECTLY.
# yarn lockfile v1


"@aws-crypto/ie11-detection@^3.0.0":
  version "3.0.0"
  resolved "https://registry.yarnpkg.com/@aws-crypto/ie11-detection/-/ie11-detection-3.0.0.tgz#640ae66b4ec3395cee6a8e94ebcd9f80c24cd688"
  integrity sha512-341lBBkiY1DfDNKai/wXM3aujNBkXR7tq1URPQDL9wi3AUbI80NR74uF1TXHMm7po1AcnFk8iu2S2IeU/+/A+Q==
  dependencies:
    tslib "^1.11.1"

"@aws-crypto/sha256-browser@3.0.0":
  version "3.0.0"
  resolved "https://registry.yarnpkg.com/@aws-crypto/sha256-browser/-/sha256-browser-3.0.0.tgz#05f160138ab893f1c6ba5be57cfd108f05827766"
  integrity sha512-8VLmW2B+gjFbU5uMeqtQM6Nj0/F1bro80xQXCW6CQBWgosFWXTx77aeOF5CAIAmbOK64SdMBJdNr6J41yP5mvQ==
  dependencies:
    "@aws-crypto/ie11-detection" "^3.0.0"
    "@aws-crypto/sha256-js" "^3.0.0"
    "@aws-crypto/supports-web-crypto" "^3.0.0"
    "@aws-crypto/util" "^3.0.0"
    "@aws-sdk/types" "^3.222.0"
    "@aws-sdk/util-locate-window" "^3.0.0"
    "@aws-sdk/util-utf8-browser" "^3.0.0"
    tslib "^1.11.1"

"@aws-crypto/sha256-js@3.0.0", "@aws-crypto/sha256-js@^3.0.0":
  version "3.0.0"
  resolved "https://registry.yarnpkg.com/@aws-crypto/sha256-js/-/sha256-js-3.0.0.tgz#f06b84d550d25521e60d2a0e2a90139341e007c2"
  integrity sha512-PnNN7os0+yd1XvXAy23CFOmTbMaDxgxXtTKHybrJ39Y8kGzBATgBFibWJKH6BhytLI/Zyszs87xCOBNyBig6vQ==
  dependencies:
    "@aws-crypto/util" "^3.0.0"
    "@aws-sdk/types" "^3.222.0"
    tslib "^1.11.1"

"@aws-crypto/supports-web-crypto@^3.0.0":
  version "3.0.0"
  resolved "https://registry.yarnpkg.com/@aws-crypto/supports-web-crypto/-/supports-web-crypto-3.0.0.tgz#5d1bf825afa8072af2717c3e455f35cda0103ec2"
  integrity sha512-06hBdMwUAb2WFTuGG73LSC0wfPu93xWwo5vL2et9eymgmu3Id5vFAHBbajVWiGhPO37qcsdCap/FqXvJGJWPIg==
  dependencies:
    tslib "^1.11.1"

"@aws-crypto/util@^3.0.0":
  version "3.0.0"
  resolved "https://registry.yarnpkg.com/@aws-crypto/util/-/util-3.0.0.tgz#1c7ca90c29293f0883468ad48117937f0fe5bfb0"
  integrity sha512-2OJlpeJpCR48CC8r+uKVChzs9Iungj9wkZrl8Z041DWEWvyIHILYKCPNzJghKsivj+S3mLo6BVc7mBNzdxA46w==
  dependencies:
    "@aws-sdk/types" "^3.222.0"
    "@aws-sdk/util-utf8-browser" "^3.0.0"
    tslib "^1.11.1"

"@aws-sdk/abort-controller@3.257.0":
  version "3.257.0"
  resolved "https://registry.yarnpkg.com/@aws-sdk/abort-controller/-/abort-controller-3.257.0.tgz#a9039bd9c409defbbeb7bafef3a1b206fbfedad1"
  integrity sha512-ekWy391lOerS0ZECdhp/c+X7AToJIpfNrCPjuj3bKr+GMQYckGsYsdbm6AUD4sxBmfvuaQmVniSXWovaxwcFcQ==
  dependencies:
    "@aws-sdk/types" "3.257.0"
    tslib "^2.3.1"

"@aws-sdk/client-cognito-identity@3.259.0":
  version "3.259.0"
  resolved "https://registry.yarnpkg.com/@aws-sdk/client-cognito-identity/-/client-cognito-identity-3.259.0.tgz#467f636fc44e4beb0536cec7b0683880cd747f20"
  integrity sha512-7rx+zh1HwiBiMqGGgYnwsp5vIzFBYHNmCVIn7rAXSzuG4c5H5DjgfKonQ/zUwa3SHtnahSBpH7cD3jsBq4tKmw==
  dependencies:
    "@aws-crypto/sha256-browser" "3.0.0"
    "@aws-crypto/sha256-js" "3.0.0"
    "@aws-sdk/client-sts" "3.259.0"
    "@aws-sdk/config-resolver" "3.259.0"
    "@aws-sdk/credential-provider-node" "3.259.0"
    "@aws-sdk/fetch-http-handler" "3.257.0"
    "@aws-sdk/hash-node" "3.257.0"
    "@aws-sdk/invalid-dependency" "3.257.0"
    "@aws-sdk/middleware-content-length" "3.257.0"
    "@aws-sdk/middleware-endpoint" "3.257.0"
    "@aws-sdk/middleware-host-header" "3.257.0"
    "@aws-sdk/middleware-logger" "3.257.0"
    "@aws-sdk/middleware-recursion-detection" "3.257.0"
    "@aws-sdk/middleware-retry" "3.259.0"
    "@aws-sdk/middleware-serde" "3.257.0"
    "@aws-sdk/middleware-signing" "3.257.0"
    "@aws-sdk/middleware-stack" "3.257.0"
    "@aws-sdk/middleware-user-agent" "3.257.0"
    "@aws-sdk/node-config-provider" "3.259.0"
    "@aws-sdk/node-http-handler" "3.257.0"
    "@aws-sdk/protocol-http" "3.257.0"
    "@aws-sdk/smithy-client" "3.257.0"
    "@aws-sdk/types" "3.257.0"
    "@aws-sdk/url-parser" "3.257.0"
    "@aws-sdk/util-base64" "3.208.0"
    "@aws-sdk/util-body-length-browser" "3.188.0"
    "@aws-sdk/util-body-length-node" "3.208.0"
    "@aws-sdk/util-defaults-mode-browser" "3.257.0"
    "@aws-sdk/util-defaults-mode-node" "3.259.0"
    "@aws-sdk/util-endpoints" "3.257.0"
    "@aws-sdk/util-retry" "3.257.0"
    "@aws-sdk/util-user-agent-browser" "3.257.0"
    "@aws-sdk/util-user-agent-node" "3.259.0"
    "@aws-sdk/util-utf8" "3.254.0"
    tslib "^2.3.1"

"@aws-sdk/client-sso-oidc@3.259.0":
  version "3.259.0"
  resolved "https://registry.yarnpkg.com/@aws-sdk/client-sso-oidc/-/client-sso-oidc-3.259.0.tgz#9b0b68801dddb84c575397c19c01f26a0168045f"
  integrity sha512-TKpUX55qLM35sQXx96VnB/ZcQCcBxVU/0j0wqL8Hij+blD7fy6KrGGJPORzRphmFg8Ehf1IoCivFxrQwLrjZ6A==
  dependencies:
    "@aws-crypto/sha256-browser" "3.0.0"
    "@aws-crypto/sha256-js" "3.0.0"
    "@aws-sdk/config-resolver" "3.259.0"
    "@aws-sdk/fetch-http-handler" "3.257.0"
    "@aws-sdk/hash-node" "3.257.0"
    "@aws-sdk/invalid-dependency" "3.257.0"
    "@aws-sdk/middleware-content-length" "3.257.0"
    "@aws-sdk/middleware-endpoint" "3.257.0"
    "@aws-sdk/middleware-host-header" "3.257.0"
    "@aws-sdk/middleware-logger" "3.257.0"
    "@aws-sdk/middleware-recursion-detection" "3.257.0"
    "@aws-sdk/middleware-retry" "3.259.0"
    "@aws-sdk/middleware-serde" "3.257.0"
    "@aws-sdk/middleware-stack" "3.257.0"
    "@aws-sdk/middleware-user-agent" "3.257.0"
    "@aws-sdk/node-config-provider" "3.259.0"
    "@aws-sdk/node-http-handler" "3.257.0"
    "@aws-sdk/protocol-http" "3.257.0"
    "@aws-sdk/smithy-client" "3.257.0"
    "@aws-sdk/types" "3.257.0"
    "@aws-sdk/url-parser" "3.257.0"
    "@aws-sdk/util-base64" "3.208.0"
    "@aws-sdk/util-body-length-browser" "3.188.0"
    "@aws-sdk/util-body-length-node" "3.208.0"
    "@aws-sdk/util-defaults-mode-browser" "3.257.0"
    "@aws-sdk/util-defaults-mode-node" "3.259.0"
    "@aws-sdk/util-endpoints" "3.257.0"
    "@aws-sdk/util-retry" "3.257.0"
    "@aws-sdk/util-user-agent-browser" "3.257.0"
    "@aws-sdk/util-user-agent-node" "3.259.0"
    "@aws-sdk/util-utf8" "3.254.0"
    tslib "^2.3.1"

"@aws-sdk/client-sso@3.259.0":
  version "3.259.0"
  resolved "https://registry.yarnpkg.com/@aws-sdk/client-sso/-/client-sso-3.259.0.tgz#f3e794ff11b4d212e9743970624a26e597795408"
  integrity sha512-TKi9Lj0zqxsrQWOZ+e4WchNDtLDz6B+ahMzYDIOFlglDPPEzbZE//PBMZCba/AAIe6U3xaUQSnni+4mNbRLg7Q==
  dependencies:
    "@aws-crypto/sha256-browser" "3.0.0"
    "@aws-crypto/sha256-js" "3.0.0"
    "@aws-sdk/config-resolver" "3.259.0"
    "@aws-sdk/fetch-http-handler" "3.257.0"
    "@aws-sdk/hash-node" "3.257.0"
    "@aws-sdk/invalid-dependency" "3.257.0"
    "@aws-sdk/middleware-content-length" "3.257.0"
    "@aws-sdk/middleware-endpoint" "3.257.0"
    "@aws-sdk/middleware-host-header" "3.257.0"
    "@aws-sdk/middleware-logger" "3.257.0"
    "@aws-sdk/middleware-recursion-detection" "3.257.0"
    "@aws-sdk/middleware-retry" "3.259.0"
    "@aws-sdk/middleware-serde" "3.257.0"
    "@aws-sdk/middleware-stack" "3.257.0"
    "@aws-sdk/middleware-user-agent" "3.257.0"
    "@aws-sdk/node-config-provider" "3.259.0"
    "@aws-sdk/node-http-handler" "3.257.0"
    "@aws-sdk/protocol-http" "3.257.0"
    "@aws-sdk/smithy-client" "3.257.0"
    "@aws-sdk/types" "3.257.0"
    "@aws-sdk/url-parser" "3.257.0"
    "@aws-sdk/util-base64" "3.208.0"
    "@aws-sdk/util-body-length-browser" "3.188.0"
    "@aws-sdk/util-body-length-node" "3.208.0"
    "@aws-sdk/util-defaults-mode-browser" "3.257.0"
    "@aws-sdk/util-defaults-mode-node" "3.259.0"
    "@aws-sdk/util-endpoints" "3.257.0"
    "@aws-sdk/util-retry" "3.257.0"
    "@aws-sdk/util-user-agent-browser" "3.257.0"
    "@aws-sdk/util-user-agent-node" "3.259.0"
    "@aws-sdk/util-utf8" "3.254.0"
    tslib "^2.3.1"

"@aws-sdk/client-sts@3.259.0":
  version "3.259.0"
  resolved "https://registry.yarnpkg.com/@aws-sdk/client-sts/-/client-sts-3.259.0.tgz#02134c1cfe26e238be50367816db69b5a04430a0"
  integrity sha512-LXqua4FoXxR30sM4BSwmPI6x0YmDTw6yQhxQQXA5hrx+YwUf8CSpa0K6Xwfv8M5+zP0uHfY1iVxx/rnT8FOEmA==
  dependencies:
    "@aws-crypto/sha256-browser" "3.0.0"
    "@aws-crypto/sha256-js" "3.0.0"
    "@aws-sdk/config-resolver" "3.259.0"
    "@aws-sdk/credential-provider-node" "3.259.0"
    "@aws-sdk/fetch-http-handler" "3.257.0"
    "@aws-sdk/hash-node" "3.257.0"
    "@aws-sdk/invalid-dependency" "3.257.0"
    "@aws-sdk/middleware-content-length" "3.257.0"
    "@aws-sdk/middleware-endpoint" "3.257.0"
    "@aws-sdk/middleware-host-header" "3.257.0"
    "@aws-sdk/middleware-logger" "3.257.0"
    "@aws-sdk/middleware-recursion-detection" "3.257.0"
    "@aws-sdk/middleware-retry" "3.259.0"
    "@aws-sdk/middleware-sdk-sts" "3.257.0"
    "@aws-sdk/middleware-serde" "3.257.0"
    "@aws-sdk/middleware-signing" "3.257.0"
    "@aws-sdk/middleware-stack" "3.257.0"
    "@aws-sdk/middleware-user-agent" "3.257.0"
    "@aws-sdk/node-config-provider" "3.259.0"
    "@aws-sdk/node-http-handler" "3.257.0"
    "@aws-sdk/protocol-http" "3.257.0"
    "@aws-sdk/smithy-client" "3.257.0"
    "@aws-sdk/types" "3.257.0"
    "@aws-sdk/url-parser" "3.257.0"
    "@aws-sdk/util-base64" "3.208.0"
    "@aws-sdk/util-body-length-browser" "3.188.0"
    "@aws-sdk/util-body-length-node" "3.208.0"
    "@aws-sdk/util-defaults-mode-browser" "3.257.0"
    "@aws-sdk/util-defaults-mode-node" "3.259.0"
    "@aws-sdk/util-endpoints" "3.257.0"
    "@aws-sdk/util-retry" "3.257.0"
    "@aws-sdk/util-user-agent-browser" "3.257.0"
    "@aws-sdk/util-user-agent-node" "3.259.0"
    "@aws-sdk/util-utf8" "3.254.0"
    fast-xml-parser "4.0.11"
    tslib "^2.3.1"

"@aws-sdk/config-resolver@3.259.0":
  version "3.259.0"
  resolved "https://registry.yarnpkg.com/@aws-sdk/config-resolver/-/config-resolver-3.259.0.tgz#b2c17b681f890dbe31bc1670da41ae653a734c84"
  integrity sha512-gViMRsc4Ye6+nzJ0OYTZIT8m4glIAdtugN2Sr/t6P2iJW5X0bSL/EcbcHBgsve1lHjeGPeyzVkT7UnyGOZ5Z/A==
  dependencies:
    "@aws-sdk/signature-v4" "3.257.0"
    "@aws-sdk/types" "3.257.0"
    "@aws-sdk/util-config-provider" "3.208.0"
    "@aws-sdk/util-middleware" "3.257.0"
    tslib "^2.3.1"

"@aws-sdk/credential-provider-cognito-identity@3.259.0":
  version "3.259.0"
  resolved "https://registry.yarnpkg.com/@aws-sdk/credential-provider-cognito-identity/-/credential-provider-cognito-identity-3.259.0.tgz#4273b5ef416f3b4d04d3cd3dcf7b2b421cd0bf73"
  integrity sha512-MkA+eektWXkszb1ZNyXAc4lfMB5GLbKAA7nDKYuX/HkjaXyTTCL+qcMXftpr4j4w4LAfJudc1VN7GiPOjNaIPQ==
  dependencies:
    "@aws-sdk/client-cognito-identity" "3.259.0"
    "@aws-sdk/property-provider" "3.257.0"
    "@aws-sdk/types" "3.257.0"
    tslib "^2.3.1"

"@aws-sdk/credential-provider-env@3.257.0":
  version "3.257.0"
  resolved "https://registry.yarnpkg.com/@aws-sdk/credential-provider-env/-/credential-provider-env-3.257.0.tgz#131d06bafa738c7f2ce2e7ee12c227ff6a414ada"
  integrity sha512-GsmBi5Di6hk1JAi1iB6/LCY8o+GmlCvJoB7wuoVmXI3VxRVwptUVjuj8EtJbIrVGrF9dSuIRPCzUoSuzEzYGlg==
  dependencies:
    "@aws-sdk/property-provider" "3.257.0"
    "@aws-sdk/types" "3.257.0"
    tslib "^2.3.1"

"@aws-sdk/credential-provider-imds@3.259.0":
  version "3.259.0"
  resolved "https://registry.yarnpkg.com/@aws-sdk/credential-provider-imds/-/credential-provider-imds-3.259.0.tgz#23bfa858dd4e97a6d530b9e3b0f4497ab0a0f8c7"
  integrity sha512-yCxoYWZAaDrCUEWxRfrpB0Mp1cFgJEMYW8T6GIb/+DQ5QLpZmorgaVD/j90QXupqFrR5tlxwuskBIkdD2E9YNg==
  dependencies:
    "@aws-sdk/node-config-provider" "3.259.0"
    "@aws-sdk/property-provider" "3.257.0"
    "@aws-sdk/types" "3.257.0"
    "@aws-sdk/url-parser" "3.257.0"
    tslib "^2.3.1"

"@aws-sdk/credential-provider-ini@3.259.0":
  version "3.259.0"
  resolved "https://registry.yarnpkg.com/@aws-sdk/credential-provider-ini/-/credential-provider-ini-3.259.0.tgz#8aeff6d8ba545d910767d841fa03890da2a53f4c"
  integrity sha512-/sjZv+XvcSMnvDTsau0cHxMFcbz4f4ksvgu10JQ1PpcH5CPQJviDJjZRzzijcOuMZ3SOO0skyuYU6tjY18cgIg==
  dependencies:
    "@aws-sdk/credential-provider-env" "3.257.0"
    "@aws-sdk/credential-provider-imds" "3.259.0"
    "@aws-sdk/credential-provider-process" "3.257.0"
    "@aws-sdk/credential-provider-sso" "3.259.0"
    "@aws-sdk/credential-provider-web-identity" "3.257.0"
    "@aws-sdk/property-provider" "3.257.0"
    "@aws-sdk/shared-ini-file-loader" "3.257.0"
    "@aws-sdk/types" "3.257.0"
    tslib "^2.3.1"

"@aws-sdk/credential-provider-node@3.259.0":
  version "3.259.0"
  resolved "https://registry.yarnpkg.com/@aws-sdk/credential-provider-node/-/credential-provider-node-3.259.0.tgz#304c4b06d99803d48492dc79db5233480ca2ab6a"
  integrity sha512-7doM6hCPTZD0H+A7VtElLY4Ztuhg3MbjoHs00TyPZNCym7f/AKmKi9Exiw1tGgxTJkfn/SzcAWz+TyqMP078ow==
  dependencies:
    "@aws-sdk/credential-provider-env" "3.257.0"
    "@aws-sdk/credential-provider-imds" "3.259.0"
    "@aws-sdk/credential-provider-ini" "3.259.0"
    "@aws-sdk/credential-provider-process" "3.257.0"
    "@aws-sdk/credential-provider-sso" "3.259.0"
    "@aws-sdk/credential-provider-web-identity" "3.257.0"
    "@aws-sdk/property-provider" "3.257.0"
    "@aws-sdk/shared-ini-file-loader" "3.257.0"
    "@aws-sdk/types" "3.257.0"
    tslib "^2.3.1"

"@aws-sdk/credential-provider-process@3.257.0":
  version "3.257.0"
  resolved "https://registry.yarnpkg.com/@aws-sdk/credential-provider-process/-/credential-provider-process-3.257.0.tgz#7fd27f48606ad7c2af375b168c8e38dc938e3162"
  integrity sha512-xK8uYeNXaclaBCGrLi4z2pxPRngqLf5BM5jg2fn57zqvlL9V5gJF972FehrVBL0bfp1/laG0ZJtD2K2sapyWAw==
  dependencies:
    "@aws-sdk/property-provider" "3.257.0"
    "@aws-sdk/shared-ini-file-loader" "3.257.0"
    "@aws-sdk/types" "3.257.0"
    tslib "^2.3.1"

"@aws-sdk/credential-provider-sso@3.259.0":
  version "3.259.0"
  resolved "https://registry.yarnpkg.com/@aws-sdk/credential-provider-sso/-/credential-provider-sso-3.259.0.tgz#670fa1073468fbc09678fe7a7d08dc8cf0f52fcf"
  integrity sha512-cz+8aNKxvZ8ikd0JDcB9MZredOJNRZkbco8QAM0gXfy6ziyX+23oU8+aekZljDzQR5QNRouvMz1KKmBxZLpNyg==
  dependencies:
    "@aws-sdk/client-sso" "3.259.0"
    "@aws-sdk/property-provider" "3.257.0"
    "@aws-sdk/shared-ini-file-loader" "3.257.0"
    "@aws-sdk/token-providers" "3.259.0"
    "@aws-sdk/types" "3.257.0"
    tslib "^2.3.1"

"@aws-sdk/credential-provider-web-identity@3.257.0":
  version "3.257.0"
  resolved "https://registry.yarnpkg.com/@aws-sdk/credential-provider-web-identity/-/credential-provider-web-identity-3.257.0.tgz#928f3234818c6acbf67bf157e4a366f920285e62"
  integrity sha512-Cm0uvRv4JuIbD0Kp3W0J/vwjADIyCx8HoZi5yg+QIi5nilocuTQ3ajvLeuPVSvFvdy+yaxSc5FxNXquWt7Mngw==
  dependencies:
    "@aws-sdk/property-provider" "3.257.0"
    "@aws-sdk/types" "3.257.0"
    tslib "^2.3.1"

"@aws-sdk/credential-providers@^3.186.0":
  version "3.259.0"
  resolved "https://registry.yarnpkg.com/@aws-sdk/credential-providers/-/credential-providers-3.259.0.tgz#d947091fcf1697d8bee742c5c2e2261cd10141f3"
  integrity sha512-i8zL9D8vmsGe2CsDKOqriUjiwMFaGVzITPUIxfC99ZFHwbtABipur9CQFS56ifGm0VacsmMIUaUjEIrur6Jazw==
  dependencies:
    "@aws-sdk/client-cognito-identity" "3.259.0"
    "@aws-sdk/client-sso" "3.259.0"
    "@aws-sdk/client-sts" "3.259.0"
    "@aws-sdk/credential-provider-cognito-identity" "3.259.0"
    "@aws-sdk/credential-provider-env" "3.257.0"
    "@aws-sdk/credential-provider-imds" "3.259.0"
    "@aws-sdk/credential-provider-ini" "3.259.0"
    "@aws-sdk/credential-provider-node" "3.259.0"
    "@aws-sdk/credential-provider-process" "3.257.0"
    "@aws-sdk/credential-provider-sso" "3.259.0"
    "@aws-sdk/credential-provider-web-identity" "3.257.0"
    "@aws-sdk/property-provider" "3.257.0"
    "@aws-sdk/shared-ini-file-loader" "3.257.0"
    "@aws-sdk/types" "3.257.0"
    tslib "^2.3.1"

"@aws-sdk/fetch-http-handler@3.257.0":
  version "3.257.0"
  resolved "https://registry.yarnpkg.com/@aws-sdk/fetch-http-handler/-/fetch-http-handler-3.257.0.tgz#0b384ad33a57479f340ba558920a3eedded82131"
  integrity sha512-zOF+RzQ+wfF7tq7tGUdPcqUTh3+k2f8KCVJE07A8kCopVq4nBu4NH6Eq29Tjpwdya3YlKvE+kFssuQRRRRex+Q==
  dependencies:
    "@aws-sdk/protocol-http" "3.257.0"
    "@aws-sdk/querystring-builder" "3.257.0"
    "@aws-sdk/types" "3.257.0"
    "@aws-sdk/util-base64" "3.208.0"
    tslib "^2.3.1"

"@aws-sdk/hash-node@3.257.0":
  version "3.257.0"
  resolved "https://registry.yarnpkg.com/@aws-sdk/hash-node/-/hash-node-3.257.0.tgz#517e4c3c957586c0f35f916fd5c8c9841292f01f"
  integrity sha512-W/USUuea5Ep3OJ2U7Ve8/5KN1YsDun2WzOFUxc1PyxXP5pW6OgC15/op0e+bmWPG851clvp5S8ZuroUr3aKi3Q==
  dependencies:
    "@aws-sdk/types" "3.257.0"
    "@aws-sdk/util-buffer-from" "3.208.0"
    "@aws-sdk/util-utf8" "3.254.0"
    tslib "^2.3.1"

"@aws-sdk/invalid-dependency@3.257.0":
  version "3.257.0"
  resolved "https://registry.yarnpkg.com/@aws-sdk/invalid-dependency/-/invalid-dependency-3.257.0.tgz#e4cb2c7be40aa061dff32b0dc70db966da0938eb"
  integrity sha512-T68SAPRNMEhpke0wlxURgogL7q0B8dfqZsSeS20BVR/lksJxLse9+pbmCDxiu1RrXoEIsEwl5rbLN+Hw8BFFYw==
  dependencies:
    "@aws-sdk/types" "3.257.0"
    tslib "^2.3.1"

"@aws-sdk/is-array-buffer@3.201.0":
  version "3.201.0"
  resolved "https://registry.yarnpkg.com/@aws-sdk/is-array-buffer/-/is-array-buffer-3.201.0.tgz#06e557adc284fac2f26071c2944ae01f61b95854"
  integrity sha512-UPez5qLh3dNgt0DYnPD/q0mVJY84rA17QE26hVNOW3fAji8W2wrwrxdacWOxyXvlxWsVRcKmr+lay1MDqpAMfg==
  dependencies:
    tslib "^2.3.1"

"@aws-sdk/middleware-content-length@3.257.0":
  version "3.257.0"
  resolved "https://registry.yarnpkg.com/@aws-sdk/middleware-content-length/-/middleware-content-length-3.257.0.tgz#b84274ccdfca70068ce8526a197ab00359404a9a"
  integrity sha512-yiawbV2azm6QnMY1L2ypG8PDRdjOcEIvFmT0T7y0F49rfbKJOu21j1ONAoCkLrINK6kMqcD5JSQLVCoURxiTxQ==
  dependencies:
    "@aws-sdk/protocol-http" "3.257.0"
    "@aws-sdk/types" "3.257.0"
    tslib "^2.3.1"

"@aws-sdk/middleware-endpoint@3.257.0":
  version "3.257.0"
  resolved "https://registry.yarnpkg.com/@aws-sdk/middleware-endpoint/-/middleware-endpoint-3.257.0.tgz#425ee4ab43807b34957685d782c84fd418a2526f"
  integrity sha512-RQNQe/jeVuWZtXXfcOm+e3qMFICY6ERsXUrbt0rjHgvajZCklcrRJgxJSCwrcS7Le3nl9azFPMAMj9L7uSK28g==
  dependencies:
    "@aws-sdk/middleware-serde" "3.257.0"
    "@aws-sdk/protocol-http" "3.257.0"
    "@aws-sdk/signature-v4" "3.257.0"
    "@aws-sdk/types" "3.257.0"
    "@aws-sdk/url-parser" "3.257.0"
    "@aws-sdk/util-config-provider" "3.208.0"
    "@aws-sdk/util-middleware" "3.257.0"
    tslib "^2.3.1"

"@aws-sdk/middleware-host-header@3.257.0":
  version "3.257.0"
  resolved "https://registry.yarnpkg.com/@aws-sdk/middleware-host-header/-/middleware-host-header-3.257.0.tgz#75d2ddb8073f901961665070d69c5ff3736fabdc"
  integrity sha512-gEi9AJdJfRfU8Qr6HK1hfhxTzyV3Giq4B/h7um99hIFAT/GCg9xiPvAOKPo6UeuiKEv3b7RpSL4s6cBvnJMJBA==
  dependencies:
    "@aws-sdk/protocol-http" "3.257.0"
    "@aws-sdk/types" "3.257.0"
    tslib "^2.3.1"

"@aws-sdk/middleware-logger@3.257.0":
  version "3.257.0"
  resolved "https://registry.yarnpkg.com/@aws-sdk/middleware-logger/-/middleware-logger-3.257.0.tgz#db35e776fe3561d0602fa39d6c69d68ee4ab36ca"
  integrity sha512-8RDXW/VbMKBsXDfcCLmROZcWKyrekyiPa3J1aIaBy0tq9o4xpGoXw/lwwIrNVvISAFslb57rteup34bfn6ta6w==
  dependencies:
    "@aws-sdk/types" "3.257.0"
    tslib "^2.3.1"

"@aws-sdk/middleware-recursion-detection@3.257.0":
  version "3.257.0"
  resolved "https://registry.yarnpkg.com/@aws-sdk/middleware-recursion-detection/-/middleware-recursion-detection-3.257.0.tgz#83512e0228b41dfc37a337d2ad064cf6dc41f8df"
  integrity sha512-rUCih6zHh8k9Edf5N5Er4s508FYbwLM0MWTD2axzlj9TjLqEQ9OKED3wHaLffXSDzodd3oTAfJCLPbWQyoZ3ZQ==
  dependencies:
    "@aws-sdk/protocol-http" "3.257.0"
    "@aws-sdk/types" "3.257.0"
    tslib "^2.3.1"

"@aws-sdk/middleware-retry@3.259.0":
  version "3.259.0"
  resolved "https://registry.yarnpkg.com/@aws-sdk/middleware-retry/-/middleware-retry-3.259.0.tgz#18bbb2cd655fff1ea155dfcb9eaa2b583b67e42e"
  integrity sha512-pVh1g8e84MAi7eVtWLiiiCtn82LzxOP7+LxTRHatmgIeN22yGQBZILliPDJypUPvDYlwxI1ekiK+oPTcte0Uww==
  dependencies:
    "@aws-sdk/protocol-http" "3.257.0"
    "@aws-sdk/service-error-classification" "3.257.0"
    "@aws-sdk/types" "3.257.0"
    "@aws-sdk/util-middleware" "3.257.0"
    "@aws-sdk/util-retry" "3.257.0"
    tslib "^2.3.1"
    uuid "^8.3.2"

"@aws-sdk/middleware-sdk-sts@3.257.0":
  version "3.257.0"
  resolved "https://registry.yarnpkg.com/@aws-sdk/middleware-sdk-sts/-/middleware-sdk-sts-3.257.0.tgz#9cfbe9e8846c9053a40e32bc695f4bd735afeae2"
  integrity sha512-d6IJCLRi3O2tm4AFK60WNhIwmMmspj1WzKR1q1TaoPzoREPG2xg+Am18wZBRkCyYuRPPrbizmkvAmAJiUolMAw==
  dependencies:
    "@aws-sdk/middleware-signing" "3.257.0"
    "@aws-sdk/property-provider" "3.257.0"
    "@aws-sdk/protocol-http" "3.257.0"
    "@aws-sdk/signature-v4" "3.257.0"
    "@aws-sdk/types" "3.257.0"
    tslib "^2.3.1"

"@aws-sdk/middleware-serde@3.257.0":
  version "3.257.0"
  resolved "https://registry.yarnpkg.com/@aws-sdk/middleware-serde/-/middleware-serde-3.257.0.tgz#13c529b942dafffcb198d9333f8f8dc2a662c187"
  integrity sha512-/JasfXPWFq24mnCrx9fxW/ISBSp07RJwhsF14qzm8Qy3Z0z470C+QRM6otTwAkYuuVt1wuLjja5agq3Jtzq7dQ==
  dependencies:
    "@aws-sdk/types" "3.257.0"
    tslib "^2.3.1"

"@aws-sdk/middleware-signing@3.257.0":
  version "3.257.0"
  resolved "https://registry.yarnpkg.com/@aws-sdk/middleware-signing/-/middleware-signing-3.257.0.tgz#436c9e2fbbe1342c30572028e90ac62f7e90548f"
  integrity sha512-hCH3D83LHmm6nqmtNrGTWZCVjsQXrGHIXbd17/qrw7aPFvcAhsiiCncGFP+XsUXEKa2ZqcSNMUyPrx69ofNRZQ==
  dependencies:
    "@aws-sdk/property-provider" "3.257.0"
    "@aws-sdk/protocol-http" "3.257.0"
    "@aws-sdk/signature-v4" "3.257.0"
    "@aws-sdk/types" "3.257.0"
    "@aws-sdk/util-middleware" "3.257.0"
    tslib "^2.3.1"

"@aws-sdk/middleware-stack@3.257.0":
  version "3.257.0"
  resolved "https://registry.yarnpkg.com/@aws-sdk/middleware-stack/-/middleware-stack-3.257.0.tgz#c9fdc580c5337b703f87f6ae7df283540d6f16ac"
  integrity sha512-awg2F0SvwACBaw4HIObK8pQGfSqAc4Vy+YFzWSfZNVC35oRO6RsRdKHVU99lRC0LrT2Ptmfghl2DMPSrRDbvlQ==
  dependencies:
    tslib "^2.3.1"

"@aws-sdk/middleware-user-agent@3.257.0":
  version "3.257.0"
  resolved "https://registry.yarnpkg.com/@aws-sdk/middleware-user-agent/-/middleware-user-agent-3.257.0.tgz#9ca650f5909bd9b55879835088760173a9d3d249"
  integrity sha512-37rt75LZyD0UWpbcFuxEGqwF3DZKSixQPl7AsDe6q3KtrO5gGQB+diH5vbY0txNNYyv5IK9WMwvY73mVmoWRmw==
  dependencies:
    "@aws-sdk/protocol-http" "3.257.0"
    "@aws-sdk/types" "3.257.0"
    tslib "^2.3.1"

"@aws-sdk/node-config-provider@3.259.0":
  version "3.259.0"
  resolved "https://registry.yarnpkg.com/@aws-sdk/node-config-provider/-/node-config-provider-3.259.0.tgz#0b522020c4a0e445b41f7150ce624b7b63e96e68"
  integrity sha512-DUOqr71oonBvM6yKPdhDBmraqgXHCFrVWFw7hc5ZNxL2wS/EsbKfGPJp+C+SUgpn1upIWPNnh/bNoLAbBkcLsA==
  dependencies:
    "@aws-sdk/property-provider" "3.257.0"
    "@aws-sdk/shared-ini-file-loader" "3.257.0"
    "@aws-sdk/types" "3.257.0"
    tslib "^2.3.1"

"@aws-sdk/node-http-handler@3.257.0":
  version "3.257.0"
  resolved "https://registry.yarnpkg.com/@aws-sdk/node-http-handler/-/node-http-handler-3.257.0.tgz#33e3ba0d8b0bf72a05be6c91e6b4cf90b8a7b786"
  integrity sha512-8KnWHVVwaGKyTlkTU9BSOAiSovNDoagxemU2l10QqBbzUCVpljCUMUkABEGRJ1yoQCl6DJ7RtNkAyZ8Ne/E15A==
  dependencies:
    "@aws-sdk/abort-controller" "3.257.0"
    "@aws-sdk/protocol-http" "3.257.0"
    "@aws-sdk/querystring-builder" "3.257.0"
    "@aws-sdk/types" "3.257.0"
    tslib "^2.3.1"

"@aws-sdk/property-provider@3.257.0":
  version "3.257.0"
  resolved "https://registry.yarnpkg.com/@aws-sdk/property-provider/-/property-provider-3.257.0.tgz#dd6872ace54f8fd691a15167490ab52e40306c58"
  integrity sha512-3rUbRAcF0GZ5PhDiXhS4yREfZ5hOEtvYEa9S/19OdM5eoypOaLU5XnFcCKfnccSP8SkdgpJujzxOMRWNWadlAQ==
  dependencies:
    "@aws-sdk/types" "3.257.0"
    tslib "^2.3.1"

"@aws-sdk/protocol-http@3.257.0":
  version "3.257.0"
  resolved "https://registry.yarnpkg.com/@aws-sdk/protocol-http/-/protocol-http-3.257.0.tgz#1452ce4f6a51e24297cc39f73aa889570dddd348"
  integrity sha512-xt7LGOgZIvbLS3418AYQLacOqx+mo5j4mPiIMz7f6AaUg+/fBUgESVsncKDqxbEJVwwCXSka8Ca0cntJmoeMSw==
  dependencies:
    "@aws-sdk/types" "3.257.0"
    tslib "^2.3.1"

"@aws-sdk/querystring-builder@3.257.0":
  version "3.257.0"
  resolved "https://registry.yarnpkg.com/@aws-sdk/querystring-builder/-/querystring-builder-3.257.0.tgz#75e662fc451cf59763bdee52ba64b05e5cd2de0a"
  integrity sha512-mZHWLP7XIkzx1GIXO5WfX/iJ+aY9TWs02RE9FkdL2+by0HEMR65L3brQTbU1mIBJ7BjaPwYH24dljUOSABX7yg==
  dependencies:
    "@aws-sdk/types" "3.257.0"
    "@aws-sdk/util-uri-escape" "3.201.0"
    tslib "^2.3.1"

"@aws-sdk/querystring-parser@3.257.0":
  version "3.257.0"
  resolved "https://registry.yarnpkg.com/@aws-sdk/querystring-parser/-/querystring-parser-3.257.0.tgz#c8614e424d7d840c01be919161f61ef85eca46af"
  integrity sha512-UDrE1dEwWrWT8dG2VCrGYrPxCWOkZ1fPTPkjpkR4KZEdQDZBqU5gYZF2xPj8Nz7pjQVHFuW2wFm3XYEk56GEjg==
  dependencies:
    "@aws-sdk/types" "3.257.0"
    tslib "^2.3.1"

"@aws-sdk/service-error-classification@3.257.0":
  version "3.257.0"
  resolved "https://registry.yarnpkg.com/@aws-sdk/service-error-classification/-/service-error-classification-3.257.0.tgz#a374e811ac587b9beb6e3fda77f2249570da7a8e"
  integrity sha512-FAyR0XsueGkkqDtkP03cTJQk52NdQ9sZelLynmmlGPUP75LApRPvFe1riKrou6+LsDbwVNVffj6mbDfIcOhaOw==

"@aws-sdk/shared-ini-file-loader@3.257.0":
  version "3.257.0"
  resolved "https://registry.yarnpkg.com/@aws-sdk/shared-ini-file-loader/-/shared-ini-file-loader-3.257.0.tgz#513eee5c7ffa343bf5d91bdd73870fc5c47a4ad3"
  integrity sha512-HNjC1+Wx3xHiJc+CP14GhIdVhfQGSjroAsWseRxAhONocA9Fl1ZX4hx7+sA5c9nOoMVOovi6ivJ/6lCRPTDRrQ==
  dependencies:
    "@aws-sdk/types" "3.257.0"
    tslib "^2.3.1"

"@aws-sdk/signature-v4@3.257.0":
  version "3.257.0"
  resolved "https://registry.yarnpkg.com/@aws-sdk/signature-v4/-/signature-v4-3.257.0.tgz#c2f0c998bfe1980ed91e0f92c311682a61de0f90"
  integrity sha512-aLQQN59X/D0+ShzPD3Anj5ntdMA/RFeNLOUCDyDvremViGi6yxUS98usQ/8bG5Rq0sW2GGMdbFUFmrDvqdiqEQ==
  dependencies:
    "@aws-sdk/is-array-buffer" "3.201.0"
    "@aws-sdk/types" "3.257.0"
    "@aws-sdk/util-hex-encoding" "3.201.0"
    "@aws-sdk/util-middleware" "3.257.0"
    "@aws-sdk/util-uri-escape" "3.201.0"
    "@aws-sdk/util-utf8" "3.254.0"
    tslib "^2.3.1"

"@aws-sdk/smithy-client@3.257.0":
  version "3.257.0"
  resolved "https://registry.yarnpkg.com/@aws-sdk/smithy-client/-/smithy-client-3.257.0.tgz#839241a67726697c65b69b4eb9450d8fac46f9b4"
  integrity sha512-Vy/en+llpslHG6WZ2yuN+On6u7p2hROEURwAST/lpReAwBETjbsxylkWvP8maeGKQ54u9uC6lIZAOJut2I3INw==
  dependencies:
    "@aws-sdk/middleware-stack" "3.257.0"
    "@aws-sdk/types" "3.257.0"
    tslib "^2.3.1"

"@aws-sdk/token-providers@3.259.0":
  version "3.259.0"
  resolved "https://registry.yarnpkg.com/@aws-sdk/token-providers/-/token-providers-3.259.0.tgz#b29157b8baadbee426826e952f0a832c1840f2a2"
  integrity sha512-61lbk+vjlHBtNK7ZOTdR0rgk9dQ6++tklHpXZY3AQWAl3xx6K4y00HsyAtcP6k24s8B356QwXlrQJrQY5nnkQQ==
  dependencies:
    "@aws-sdk/client-sso-oidc" "3.259.0"
    "@aws-sdk/property-provider" "3.257.0"
    "@aws-sdk/shared-ini-file-loader" "3.257.0"
    "@aws-sdk/types" "3.257.0"
    tslib "^2.3.1"

"@aws-sdk/types@3.257.0", "@aws-sdk/types@^3.222.0":
  version "3.257.0"
  resolved "https://registry.yarnpkg.com/@aws-sdk/types/-/types-3.257.0.tgz#4951ee3456cd9a46829516f5596c2b8a05ffe06a"
  integrity sha512-LmqXuBQBGeaGi/3Rp7XiEX1B5IPO2UUfBVvu0wwGqVsmstT0SbOVDZGPmxygACbm64n+PRx3uTSDefRfoiWYZg==
  dependencies:
    tslib "^2.3.1"

"@aws-sdk/url-parser@3.257.0":
  version "3.257.0"
  resolved "https://registry.yarnpkg.com/@aws-sdk/url-parser/-/url-parser-3.257.0.tgz#99b1abb302426f1b24c9777789fb0479d52d675d"
  integrity sha512-Qe/AcFe/NFZHa6cN2afXEQn9ehXxh57dWGdRjfjd2lQqNV4WW1R2pl2Tm1ZJ1dwuCNLJi4NHLMk8lrD3QQ8rdg==
  dependencies:
    "@aws-sdk/querystring-parser" "3.257.0"
    "@aws-sdk/types" "3.257.0"
    tslib "^2.3.1"

"@aws-sdk/util-base64@3.208.0":
  version "3.208.0"
  resolved "https://registry.yarnpkg.com/@aws-sdk/util-base64/-/util-base64-3.208.0.tgz#36b430e5396251f761590f7c2f0c5c12193f353c"
  integrity sha512-PQniZph5A6N7uuEOQi+1hnMz/FSOK/8kMFyFO+4DgA1dZ5pcKcn5wiFwHkcTb/BsgVqQa3Jx0VHNnvhlS8JyTg==
  dependencies:
    "@aws-sdk/util-buffer-from" "3.208.0"
    tslib "^2.3.1"

"@aws-sdk/util-body-length-browser@3.188.0":
  version "3.188.0"
  resolved "https://registry.yarnpkg.com/@aws-sdk/util-body-length-browser/-/util-body-length-browser-3.188.0.tgz#e1d949318c10a621b38575a9ef01e39f9857ddb0"
  integrity sha512-8VpnwFWXhnZ/iRSl9mTf+VKOX9wDE8QtN4bj9pBfxwf90H1X7E8T6NkiZD3k+HubYf2J94e7DbeHs7fuCPW5Qg==
  dependencies:
    tslib "^2.3.1"

"@aws-sdk/util-body-length-node@3.208.0":
  version "3.208.0"
  resolved "https://registry.yarnpkg.com/@aws-sdk/util-body-length-node/-/util-body-length-node-3.208.0.tgz#baabd1fa1206ff2bd4ce3785122d86eb3258dd20"
  integrity sha512-3zj50e5g7t/MQf53SsuuSf0hEELzMtD8RX8C76f12OSRo2Bca4FLLYHe0TZbxcfQHom8/hOaeZEyTyMogMglqg==
  dependencies:
    tslib "^2.3.1"

"@aws-sdk/util-buffer-from@3.208.0":
  version "3.208.0"
  resolved "https://registry.yarnpkg.com/@aws-sdk/util-buffer-from/-/util-buffer-from-3.208.0.tgz#285e86f6dc9030148a4147d65239e75cb254a1b0"
  integrity sha512-7L0XUixNEFcLUGPeBF35enCvB9Xl+K6SQsmbrPk1P3mlV9mguWSDQqbOBwY1Ir0OVbD6H/ZOQU7hI/9RtRI0Zw==
  dependencies:
    "@aws-sdk/is-array-buffer" "3.201.0"
    tslib "^2.3.1"

"@aws-sdk/util-config-provider@3.208.0":
  version "3.208.0"
  resolved "https://registry.yarnpkg.com/@aws-sdk/util-config-provider/-/util-config-provider-3.208.0.tgz#c485fd83fbac051337e5f6be60ea3f9fa61c0139"
  integrity sha512-DSRqwrERUsT34ug+anlMBIFooBEGwM8GejC7q00Y/9IPrQy50KnG5PW2NiTjuLKNi7pdEOlwTSEocJE15eDZIg==
  dependencies:
    tslib "^2.3.1"

"@aws-sdk/util-defaults-mode-browser@3.257.0":
  version "3.257.0"
  resolved "https://registry.yarnpkg.com/@aws-sdk/util-defaults-mode-browser/-/util-defaults-mode-browser-3.257.0.tgz#80a7ae3618040a236df6faac8d353cb939ffea7e"
  integrity sha512-nkfK+MNacVd3Px/fcAvU0hDeh+r7d+RLLt3sJ5Zc0gGd+i3OQEP58V8QzR9PYMvUvSvGQP16fQVQHSbRZtuWyQ==
  dependencies:
    "@aws-sdk/property-provider" "3.257.0"
    "@aws-sdk/types" "3.257.0"
    bowser "^2.11.0"
    tslib "^2.3.1"

"@aws-sdk/util-defaults-mode-node@3.259.0":
  version "3.259.0"
  resolved "https://registry.yarnpkg.com/@aws-sdk/util-defaults-mode-node/-/util-defaults-mode-node-3.259.0.tgz#526cd166c26ac3f97ff8f3bbdfdfdc5f25908769"
  integrity sha512-wRiiwT7ayIcTYGHUg/Ho9UN/Kd4V37OAxP2IbkG9rPZJNuvtKopQJhUSMDERXaMQ47dG5US8G4YVYJIEO4cKgw==
  dependencies:
    "@aws-sdk/config-resolver" "3.259.0"
    "@aws-sdk/credential-provider-imds" "3.259.0"
    "@aws-sdk/node-config-provider" "3.259.0"
    "@aws-sdk/property-provider" "3.257.0"
    "@aws-sdk/types" "3.257.0"
    tslib "^2.3.1"

"@aws-sdk/util-endpoints@3.257.0":
  version "3.257.0"
  resolved "https://registry.yarnpkg.com/@aws-sdk/util-endpoints/-/util-endpoints-3.257.0.tgz#40cc8f67b996f8ea173f43d0e58e57ca8c244e67"
  integrity sha512-3bvmRn5XGYzPPWjLuvHBKdJOb+fijnb8Ungu9bfXnTYFsng/ndHUWeHC22O/p8w3OWoRYUIMaZHxdxe27BFozg==
  dependencies:
    "@aws-sdk/types" "3.257.0"
    tslib "^2.3.1"

"@aws-sdk/util-hex-encoding@3.201.0":
  version "3.201.0"
  resolved "https://registry.yarnpkg.com/@aws-sdk/util-hex-encoding/-/util-hex-encoding-3.201.0.tgz#21d7ec319240ee68c33d938e71cb79830bea315d"
  integrity sha512-7t1vR1pVxKx0motd3X9rI3m/xNp78p3sHtP5yo4NP4ARpxyJ0fokBomY8ScaH2D/B+U5o9ARxldJUdMqyBlJcA==
  dependencies:
    tslib "^2.3.1"

"@aws-sdk/util-locate-window@^3.0.0":
  version "3.208.0"
  resolved "https://registry.yarnpkg.com/@aws-sdk/util-locate-window/-/util-locate-window-3.208.0.tgz#0f598fc238a1256e4bcb64d01459f03a922dd4c3"
  integrity sha512-iua1A2+P7JJEDHVgvXrRJSvsnzG7stYSGQnBVphIUlemwl6nN5D+QrgbjECtrbxRz8asYFHSzhdhECqN+tFiBg==
  dependencies:
    tslib "^2.3.1"

"@aws-sdk/util-middleware@3.257.0":
  version "3.257.0"
  resolved "https://registry.yarnpkg.com/@aws-sdk/util-middleware/-/util-middleware-3.257.0.tgz#b84ee6832eea9d439ff7e7a0453ea56af87b6b7a"
  integrity sha512-F9ieon8B8eGVs5tyZtAIG3DZEObDvujkspho0qRbUTHUosM0ylJLsMU800fmC/uRHLRrZvb/RSp59+kNDwSAMw==
  dependencies:
    tslib "^2.3.1"

"@aws-sdk/util-retry@3.257.0":
  version "3.257.0"
  resolved "https://registry.yarnpkg.com/@aws-sdk/util-retry/-/util-retry-3.257.0.tgz#20454375267e120576c9f24316dad0ebc489dc4b"
  integrity sha512-l9TOsOAYtZxwW3q5fQKW4rsD9t2HVaBfQ4zBamHkNTfB4vBVvCnz4oxkvSvA2MlxCA6am+K1K/oj917Tpqk53g==
  dependencies:
    "@aws-sdk/service-error-classification" "3.257.0"
    tslib "^2.3.1"

"@aws-sdk/util-uri-escape@3.201.0":
  version "3.201.0"
  resolved "https://registry.yarnpkg.com/@aws-sdk/util-uri-escape/-/util-uri-escape-3.201.0.tgz#5e708d4cde001a4558ee616f889ceacfadd2ab03"
  integrity sha512-TeTWbGx4LU2c5rx0obHeDFeO9HvwYwQtMh1yniBz00pQb6Qt6YVOETVQikRZ+XRQwEyCg/dA375UplIpiy54mA==
  dependencies:
    tslib "^2.3.1"

"@aws-sdk/util-user-agent-browser@3.257.0":
  version "3.257.0"
  resolved "https://registry.yarnpkg.com/@aws-sdk/util-user-agent-browser/-/util-user-agent-browser-3.257.0.tgz#6fa29ab2a15bfa82ce77d77b12891109b7673fb9"
  integrity sha512-YdavWK6/8Cw6mypEgysGGX/dT9p9qnzFbnN5PQsUY+JJk2Nx8fKFydjGiQ+6rWPeW17RAv9mmbboh9uPVWxVlw==
  dependencies:
    "@aws-sdk/types" "3.257.0"
    bowser "^2.11.0"
    tslib "^2.3.1"

"@aws-sdk/util-user-agent-node@3.259.0":
  version "3.259.0"
  resolved "https://registry.yarnpkg.com/@aws-sdk/util-user-agent-node/-/util-user-agent-node-3.259.0.tgz#61141a0d64668ebcbbb1ac3dac1f497ca9f3707e"
  integrity sha512-R0VTmNs+ySDDebU98BUbsLyeIM5YmAEr9esPpy15XfSy3AWmAeru8nLlztdaLilHZzLIDzvM2t7NGk/FzZFCvA==
  dependencies:
    "@aws-sdk/node-config-provider" "3.259.0"
    "@aws-sdk/types" "3.257.0"
    tslib "^2.3.1"

"@aws-sdk/util-utf8-browser@^3.0.0":
  version "3.259.0"
  resolved "https://registry.yarnpkg.com/@aws-sdk/util-utf8-browser/-/util-utf8-browser-3.259.0.tgz#3275a6f5eb334f96ca76635b961d3c50259fd9ff"
  integrity sha512-UvFa/vR+e19XookZF8RzFZBrw2EUkQWxiBW0yYQAhvk3C+QVGl0H3ouca8LDBlBfQKXwmW3huo/59H8rwb1wJw==
  dependencies:
    tslib "^2.3.1"

"@aws-sdk/util-utf8@3.254.0":
  version "3.254.0"
  resolved "https://registry.yarnpkg.com/@aws-sdk/util-utf8/-/util-utf8-3.254.0.tgz#909af9c6549833a9a9bf77004b7484bfc96b2c35"
  integrity sha512-14Kso/eIt5/qfIBmhEL9L1IfyUqswjSTqO2mY7KOzUZ9SZbwn3rpxmtkhmATkRjD7XIlLKaxBkI7tU9Zjzj8Kw==
  dependencies:
    "@aws-sdk/util-buffer-from" "3.208.0"
    tslib "^2.3.1"

"@types/node@*":
  version "16.4.13"
  resolved "https://registry.yarnpkg.com/@types/node/-/node-16.4.13.tgz#7dfd9c14661edc65cccd43a29eb454174642370d"
  integrity sha512-bLL69sKtd25w7p1nvg9pigE4gtKVpGTPojBFLMkGHXuUgap2sLqQt2qUnqmVCDfzGUL0DRNZP+1prIZJbMeAXg==

"@types/webidl-conversions@*":
  version "7.0.0"
  resolved "https://registry.yarnpkg.com/@types/webidl-conversions/-/webidl-conversions-7.0.0.tgz#2b8e60e33906459219aa587e9d1a612ae994cfe7"
  integrity sha512-xTE1E+YF4aWPJJeUzaZI5DRntlkY3+BCVJi0axFptnjGmAoWxkyREIh/XMrfxVLejwQxMCfDXdICo0VLxThrog==

"@types/whatwg-url@^8.2.1":
  version "8.2.2"
  resolved "https://registry.yarnpkg.com/@types/whatwg-url/-/whatwg-url-8.2.2.tgz#749d5b3873e845897ada99be4448041d4cc39e63"
  integrity sha512-FtQu10RWgn3D9U4aazdwIE2yzphmTJREDqNdODHrbrZmmMqI0vMheC/6NE/J1Yveaj8H+ela+YwWTjq5PGmuhA==
  dependencies:
    "@types/node" "*"
    "@types/webidl-conversions" "*"

base64-js@^1.3.1:
  version "1.5.1"
  resolved "https://registry.yarnpkg.com/base64-js/-/base64-js-1.5.1.tgz#1b1b440160a5bf7ad40b650f095963481903930a"
  integrity sha512-AKpaYlHn8t4SVbOHCy+b5+KKgvR4vrsD8vbvrbiQJps7fKDTkjkDry6ji0rUJjC0kzbNePLwzxq8iypo41qeWA==

bowser@^2.11.0:
  version "2.11.0"
  resolved "https://registry.yarnpkg.com/bowser/-/bowser-2.11.0.tgz#5ca3c35757a7aa5771500c70a73a9f91ef420a8f"
  integrity sha512-AlcaJBi/pqqJBIQ8U9Mcpc9i8Aqxn88Skv5d+xBX006BY5u8N3mGLHa5Lgppa7L/HfwgwLgZ6NYs+Ag6uUmJRA==

bson@^4.7.0:
  version "4.7.2"
  resolved "https://registry.yarnpkg.com/bson/-/bson-4.7.2.tgz#320f4ad0eaf5312dd9b45dc369cc48945e2a5f2e"
  integrity sha512-Ry9wCtIZ5kGqkJoi6aD8KjxFZEx78guTQDnpXWiNthsxzrxAK/i8E6pCHAIZTbaEFWcOCvbecMukfK7XUvyLpQ==
  dependencies:
    buffer "^5.6.0"

buffer@^5.6.0:
  version "5.7.1"
  resolved "https://registry.yarnpkg.com/buffer/-/buffer-5.7.1.tgz#ba62e7c13133053582197160851a8f648e99eed0"
  integrity sha512-EHcyIPBQ4BSGlvjB16k5KgAJ27CIsHY/2JBmCRReo48y9rQ3MaUzWX3KVlBa4U7MyX02HdVj0K7C3WaB3ju7FQ==
  dependencies:
    base64-js "^1.3.1"
    ieee754 "^1.1.13"

debug@4.x:
  version "4.3.4"
  resolved "https://registry.yarnpkg.com/debug/-/debug-4.3.4.tgz#1319f6579357f2338d3337d2cdd4914bb5dcc865"
  integrity sha512-PRWFHuSU3eDtQJPvnNY7Jcket1j0t5OuOsFzPPzsekD52Zl8qUfFIPEiswXqIvHWGVHOgX+7G/vCNNhehwxfkQ==
  dependencies:
    ms "2.1.2"

dotenv@^10.0.0:
  version "10.0.0"
  resolved "https://registry.yarnpkg.com/dotenv/-/dotenv-10.0.0.tgz#3d4227b8fb95f81096cdd2b66653fb2c7085ba81"
  integrity sha512-rlBi9d8jpv9Sf1klPjNfFAuWDjKLwTIJJ/VxtoTwIR6hnZxcEOQCZg2oIL3MWBYw5GpUDKOEnND7LXTbIpQ03Q==

fast-xml-parser@4.0.11:
  version "4.0.11"
  resolved "https://registry.yarnpkg.com/fast-xml-parser/-/fast-xml-parser-4.0.11.tgz#42332a9aca544520631c8919e6ea871c0185a985"
  integrity sha512-4aUg3aNRR/WjQAcpceODG1C3x3lFANXRo8+1biqfieHmg9pyMt7qB4lQV/Ta6sJCTbA5vfD8fnA8S54JATiFUA==
  dependencies:
    strnum "^1.0.5"

ieee754@^1.1.13:
  version "1.2.1"
  resolved "https://registry.yarnpkg.com/ieee754/-/ieee754-1.2.1.tgz#8eb7a10a63fff25d15a57b001586d177d1b0d352"
  integrity sha512-dcyqhDvX1C46lXZcVqCpK+FtMRQVdIMN6/Df5js2zouUsqG7I6sFxitIC+7KYK29KdXOLHdu9zL4sFnoVQnqaA==

ip@^2.0.0:
  version "2.0.0"
  resolved "https://registry.yarnpkg.com/ip/-/ip-2.0.0.tgz#4cf4ab182fee2314c75ede1276f8c80b479936da"
  integrity sha512-WKa+XuLG1A1R0UWhl2+1XQSi+fZWMsYKffMZTTYsiZaUD8k2yDAj5atimTUD2TZkyCkNEeYE5NhFZmupOGtjYQ==

kareem@2.5.1:
  version "2.5.1"
  resolved "https://registry.yarnpkg.com/kareem/-/kareem-2.5.1.tgz#7b8203e11819a8e77a34b3517d3ead206764d15d"
  integrity sha512-7jFxRVm+jD+rkq3kY0iZDJfsO2/t4BBPeEb2qKn2lR/9KhuksYk5hxzfRYWMPV8P/x2d0kHD306YyWLzjjH+uA==

memory-pager@^1.0.2:
  version "1.5.0"
  resolved "https://registry.yarnpkg.com/memory-pager/-/memory-pager-1.5.0.tgz#d8751655d22d384682741c972f2c3d6dfa3e66b5"
  integrity sha512-ZS4Bp4r/Zoeq6+NLJpP+0Zzm0pR8whtGPf1XExKLJBAczGMnSi3It14OiNCStjQjM6NU1okjQGSxgEZN8eBYKg==

mongodb-connection-string-url@^2.5.4:
  version "2.6.0"
  resolved "https://registry.yarnpkg.com/mongodb-connection-string-url/-/mongodb-connection-string-url-2.6.0.tgz#57901bf352372abdde812c81be47b75c6b2ec5cf"
  integrity sha512-WvTZlI9ab0QYtTYnuMLgobULWhokRjtC7db9LtcVfJ+Hsnyr5eo6ZtNAt3Ly24XZScGMelOcGtm7lSn0332tPQ==
  dependencies:
    "@types/whatwg-url" "^8.2.1"
    whatwg-url "^11.0.0"

mongodb@4.13.0:
  version "4.13.0"
  resolved "https://registry.yarnpkg.com/mongodb/-/mongodb-4.13.0.tgz#2aa832b827e2891eb2e52e8235c201cbb4701ed2"
  integrity sha512-+taZ/bV8d1pYuHL4U+gSwkhmDrwkWbH1l4aah4YpmpscMwgFBkufIKxgP/G7m87/NUuQzc2Z75ZTI7ZOyqZLbw==
  dependencies:
    bson "^4.7.0"
    mongodb-connection-string-url "^2.5.4"
    socks "^2.7.1"
  optionalDependencies:
    "@aws-sdk/credential-providers" "^3.186.0"
    saslprep "^1.0.3"

mongoose@^6.9.0:
  version "6.9.0"
  resolved "https://registry.yarnpkg.com/mongoose/-/mongoose-6.9.0.tgz#cfc5acb2e4aa8188eb248e98a920a829ffcc273d"
  integrity sha512-5tu6+trwjk5TIH6b6iYgAwmzZ0RNOxFoqXQb9h21Oi45DeM1rWM/niHxJ4ROqBISDfQMwRvLSABHTsyn3AzoFQ==
  dependencies:
    bson "^4.7.0"
    kareem "2.5.1"
    mongodb "4.13.0"
    mpath "0.9.0"
    mquery "4.0.3"
    ms "2.1.3"
    sift "16.0.1"

mpath@0.9.0:
  version "0.9.0"
  resolved "https://registry.yarnpkg.com/mpath/-/mpath-0.9.0.tgz#0c122fe107846e31fc58c75b09c35514b3871904"
  integrity sha512-ikJRQTk8hw5DEoFVxHG1Gn9T/xcjtdnOKIU1JTmGjZZlg9LST2mBLmcX3/ICIbgJydT2GOc15RnNy5mHmzfSew==

mquery@4.0.3:
  version "4.0.3"
  resolved "https://registry.yarnpkg.com/mquery/-/mquery-4.0.3.tgz#4d15f938e6247d773a942c912d9748bd1965f89d"
  integrity sha512-J5heI+P08I6VJ2Ky3+33IpCdAvlYGTSUjwTPxkAr8i8EoduPMBX2OY/wa3IKZIQl7MU4SbFk8ndgSKyB/cl1zA==
  dependencies:
    debug "4.x"

ms@2.1.2:
  version "2.1.2"
  resolved "https://registry.yarnpkg.com/ms/-/ms-2.1.2.tgz#d09d1f357b443f493382a8eb3ccd183872ae6009"
  integrity sha512-sGkPx+VjMtmA6MX27oA4FBFELFCZZ4S4XqeGOXCv68tT+jb3vk/RyaKWP0PTKyWtmLSM0b+adUTEvbs1PEaH2w==

ms@2.1.3:
  version "2.1.3"
  resolved "https://registry.yarnpkg.com/ms/-/ms-2.1.3.tgz#574c8138ce1d2b5861f0b44579dbadd60c6615b2"
  integrity sha512-6FlzubTLZG3J2a/NVCAleEhjzq5oxgHyaCU9yYXvcLsvoVaHJq/s5xXI6/XXP6tz7R9xAOtHnSO/tXtF3WRTlA==

punycode@^2.1.1:
  version "2.3.0"
  resolved "https://registry.yarnpkg.com/punycode/-/punycode-2.3.0.tgz#f67fa67c94da8f4d0cfff981aee4118064199b8f"
  integrity sha512-rRV+zQD8tVFys26lAGR9WUuS4iUAngJScM+ZRSKtvl5tKeZ2t5bvdNFdNHBW9FWR4guGHlgmsZ1G7BSm2wTbuA==

saslprep@^1.0.3:
  version "1.0.3"
  resolved "https://registry.yarnpkg.com/saslprep/-/saslprep-1.0.3.tgz#4c02f946b56cf54297e347ba1093e7acac4cf226"
  integrity sha512-/MY/PEMbk2SuY5sScONwhUDsV2p77Znkb/q3nSVstq/yQzYJOH/Azh29p9oJLsl3LnQwSvZDKagDGBsBwSooag==
  dependencies:
    sparse-bitfield "^3.0.3"

sift@16.0.1:
  version "16.0.1"
  resolved "https://registry.yarnpkg.com/sift/-/sift-16.0.1.tgz#e9c2ccc72191585008cf3e36fc447b2d2633a053"
  integrity sha512-Wv6BjQ5zbhW7VFefWusVP33T/EM0vYikCaQ2qR8yULbsilAT8/wQaXvuQ3ptGLpoKx+lihJE3y2UTgKDyyNHZQ==

smart-buffer@^4.2.0:
  version "4.2.0"
  resolved "https://registry.yarnpkg.com/smart-buffer/-/smart-buffer-4.2.0.tgz#6e1d71fa4f18c05f7d0ff216dd16a481d0e8d9ae"
  integrity sha512-94hK0Hh8rPqQl2xXc3HsaBoOXKV20MToPkcXvwbISWLEs+64sBq5kFgn2kJDHb1Pry9yrP0dxrCI9RRci7RXKg==

socks@^2.7.1:
  version "2.7.1"
  resolved "https://registry.yarnpkg.com/socks/-/socks-2.7.1.tgz#d8e651247178fde79c0663043e07240196857d55"
  integrity sha512-7maUZy1N7uo6+WVEX6psASxtNlKaNVMlGQKkG/63nEDdLOWNbiUMoLK7X4uYoLhQstau72mLgfEWcXcwsaHbYQ==
  dependencies:
    ip "^2.0.0"
    smart-buffer "^4.2.0"

sparse-bitfield@^3.0.3:
  version "3.0.3"
  resolved "https://registry.yarnpkg.com/sparse-bitfield/-/sparse-bitfield-3.0.3.tgz#ff4ae6e68656056ba4b3e792ab3334d38273ca11"
  integrity sha1-/0rm5oZWBWuks+eSqzM004JzyhE=
  dependencies:
    memory-pager "^1.0.2"

strnum@^1.0.5:
  version "1.0.5"
  resolved "https://registry.yarnpkg.com/strnum/-/strnum-1.0.5.tgz#5c4e829fe15ad4ff0d20c3db5ac97b73c9b072db"
  integrity sha512-J8bbNyKKXl5qYcR36TIO8W3mVGVHrmmxsd5PAItGkmyzwJvybiw2IVq5nqd0i4LSNSkB/sx9VHllbfFdr9k1JA==

tr46@^3.0.0:
  version "3.0.0"
  resolved "https://registry.yarnpkg.com/tr46/-/tr46-3.0.0.tgz#555c4e297a950617e8eeddef633c87d4d9d6cbf9"
  integrity sha512-l7FvfAHlcmulp8kr+flpQZmVwtu7nfRV7NZujtN0OqES8EL4O4e0qqzL0DC5gAvx/ZC/9lk6rhcUwYvkBnBnYA==
  dependencies:
    punycode "^2.1.1"

tslib@^1.11.1:
  version "1.14.1"
  resolved "https://registry.yarnpkg.com/tslib/-/tslib-1.14.1.tgz#cf2d38bdc34a134bcaf1091c41f6619e2f672d00"
  integrity sha512-Xni35NKzjgMrwevysHTCArtLDpPvye8zV/0E4EyYn43P7/7qvQwPh9BGkHewbMulVntbigmcT7rdX3BNo9wRJg==

tslib@^2.3.1:
  version "2.5.0"
  resolved "https://registry.yarnpkg.com/tslib/-/tslib-2.5.0.tgz#42bfed86f5787aeb41d031866c8f402429e0fddf"
  integrity sha512-336iVw3rtn2BUK7ORdIAHTyxHGRIHVReokCR3XjbckJMK7ms8FysBfhLR8IXnAgy7T0PTPNBWKiH514FOW/WSg==

uuid@^8.3.2:
  version "8.3.2"
  resolved "https://registry.yarnpkg.com/uuid/-/uuid-8.3.2.tgz#80d5b5ced271bb9af6c445f21a1a04c606cefbe2"
  integrity sha512-+NYs2QeMWy+GWFOEm9xnn6HCDp0l7QBD7ml8zLUmJ+93Q5NF0NocErnwkTkXVFNiX3/fpC6afS8Dhb/gz7R7eg==

webidl-conversions@^7.0.0:
  version "7.0.0"
  resolved "https://registry.yarnpkg.com/webidl-conversions/-/webidl-conversions-7.0.0.tgz#256b4e1882be7debbf01d05f0aa2039778ea080a"
  integrity sha512-VwddBukDzu71offAQR975unBIGqfKZpM+8ZX6ySk8nYhVoo5CYaZyzt3YBvYtRtO+aoGlqxPg/B87NGVZ/fu6g==

whatwg-url@^11.0.0:
  version "11.0.0"
  resolved "https://registry.yarnpkg.com/whatwg-url/-/whatwg-url-11.0.0.tgz#0a849eebb5faf2119b901bb76fd795c2848d4018"
  integrity sha512-RKT8HExMpoYx4igMiVMY83lN6UeITKJlBQ+vR/8ZJ8OCdSiN3RwCq+9gH0+Xzj0+5IrM6i4j/6LuvzbZIQgEcQ==
  dependencies:
    tr46 "^3.0.0"
    webidl-conversions "^7.0.0"
